// !$*UTF8*$!
{
	archiveVersion = 1;
	classes = {
	};
	objectVersion = 46;
	objects = {

/* Begin PBXBuildFile section */
		1AAFC4A8133CB90100221F1A /* UIKit.framework in Frameworks */ = {isa = PBXBuildFile; fileRef = 1AAFC4A7133CB90100221F1A /* UIKit.framework */; };
		1AAFC4AA133CB90100221F1A /* Foundation.framework in Frameworks */ = {isa = PBXBuildFile; fileRef = 1AAFC4A9133CB90100221F1A /* Foundation.framework */; };
		1AAFC4AC133CB90100221F1A /* CoreGraphics.framework in Frameworks */ = {isa = PBXBuildFile; fileRef = 1AAFC4AB133CB90100221F1A /* CoreGraphics.framework */; };
		1AAFC4B2133CB90100221F1A /* InfoPlist.strings in Resources */ = {isa = PBXBuildFile; fileRef = 1AAFC4B0133CB90100221F1A /* InfoPlist.strings */; };
		1AAFC4B5133CB90100221F1A /* main.m in Sources */ = {isa = PBXBuildFile; fileRef = 1AAFC4B4133CB90100221F1A /* main.m */; };
		1AAFC4B8133CB90100221F1A /* TouchesExampleAppDelegate.m in Sources */ = {isa = PBXBuildFile; fileRef = 1AAFC4B7133CB90100221F1A /* TouchesExampleAppDelegate.m */; };
		1AAFC4BE133CB90100221F1A /* TouchesExampleViewController.m in Sources */ = {isa = PBXBuildFile; fileRef = 1AAFC4BD133CB90100221F1A /* TouchesExampleViewController.m */; };
		1AAFC4C9133CB90F00221F1A /* Shape.m in Sources */ = {isa = PBXBuildFile; fileRef = 1AAFC4C8133CB90F00221F1A /* Shape.m */; };
/* End PBXBuildFile section */

/* Begin PBXFileReference section */
		1AAFC4A3133CB90100221F1A /* TouchesExample.app */ = {isa = PBXFileReference; explicitFileType = wrapper.application; includeInIndex = 0; path = TouchesExample.app; sourceTree = BUILT_PRODUCTS_DIR; };
		1AAFC4A7133CB90100221F1A /* UIKit.framework */ = {isa = PBXFileReference; lastKnownFileType = wrapper.framework; name = UIKit.framework; path = System/Library/Frameworks/UIKit.framework; sourceTree = SDKROOT; };
		1AAFC4A9133CB90100221F1A /* Foundation.framework */ = {isa = PBXFileReference; lastKnownFileType = wrapper.framework; name = Foundation.framework; path = System/Library/Frameworks/Foundation.framework; sourceTree = SDKROOT; };
		1AAFC4AB133CB90100221F1A /* CoreGraphics.framework */ = {isa = PBXFileReference; lastKnownFileType = wrapper.framework; name = CoreGraphics.framework; path = System/Library/Frameworks/CoreGraphics.framework; sourceTree = SDKROOT; };
		1AAFC4AF133CB90100221F1A /* TouchesExample-Info.plist */ = {isa = PBXFileReference; lastKnownFileType = text.plist.xml; path = "TouchesExample-Info.plist"; sourceTree = "<group>"; };
		1AAFC4B1133CB90100221F1A /* en */ = {isa = PBXFileReference; lastKnownFileType = text.plist.strings; name = en; path = en.lproj/InfoPlist.strings; sourceTree = "<group>"; };
		1AAFC4B3133CB90100221F1A /* TouchesExample-Prefix.pch */ = {isa = PBXFileReference; lastKnownFileType = sourcecode.c.h; path = "TouchesExample-Prefix.pch"; sourceTree = "<group>"; };
		1AAFC4B4133CB90100221F1A /* main.m */ = {isa = PBXFileReference; lastKnownFileType = sourcecode.c.objc; path = main.m; sourceTree = "<group>"; };
		1AAFC4B6133CB90100221F1A /* TouchesExampleAppDelegate.h */ = {isa = PBXFileReference; lastKnownFileType = sourcecode.c.h; path = TouchesExampleAppDelegate.h; sourceTree = "<group>"; };
		1AAFC4B7133CB90100221F1A /* TouchesExampleAppDelegate.m */ = {isa = PBXFileReference; lastKnownFileType = sourcecode.c.objc; path = TouchesExampleAppDelegate.m; sourceTree = "<group>"; };
		1AAFC4BC133CB90100221F1A /* TouchesExampleViewController.h */ = {isa = PBXFileReference; lastKnownFileType = sourcecode.c.h; path = TouchesExampleViewController.h; sourceTree = "<group>"; };
		1AAFC4BD133CB90100221F1A /* TouchesExampleViewController.m */ = {isa = PBXFileReference; lastKnownFileType = sourcecode.c.objc; path = TouchesExampleViewController.m; sourceTree = "<group>"; };
		1AAFC4C7133CB90F00221F1A /* Shape.h */ = {isa = PBXFileReference; fileEncoding = 4; lastKnownFileType = sourcecode.c.h; path = Shape.h; sourceTree = "<group>"; };
		1AAFC4C8133CB90F00221F1A /* Shape.m */ = {isa = PBXFileReference; fileEncoding = 4; lastKnownFileType = sourcecode.c.objc; path = Shape.m; sourceTree = "<group>"; };
/* End PBXFileReference section */

/* Begin PBXFrameworksBuildPhase section */
		1AAFC4A0133CB90100221F1A /* Frameworks */ = {
			isa = PBXFrameworksBuildPhase;
			buildActionMask = 2147483647;
			files = (
				1AAFC4A8133CB90100221F1A /* UIKit.framework in Frameworks */,
				1AAFC4AA133CB90100221F1A /* Foundation.framework in Frameworks */,
				1AAFC4AC133CB90100221F1A /* CoreGraphics.framework in Frameworks */,
			);
			runOnlyForDeploymentPostprocessing = 0;
		};
/* End PBXFrameworksBuildPhase section */

/* Begin PBXGroup section */
		1AAFC498133CB90100221F1A = {
			isa = PBXGroup;
			children = (
				1AAFC4AD133CB90100221F1A /* TouchesExample */,
				1AAFC4A6133CB90100221F1A /* Frameworks */,
				1AAFC4A4133CB90100221F1A /* Products */,
			);
			sourceTree = "<group>";
		};
		1AAFC4A4133CB90100221F1A /* Products */ = {
			isa = PBXGroup;
			children = (
				1AAFC4A3133CB90100221F1A /* TouchesExample.app */,
			);
			name = Products;
			sourceTree = "<group>";
		};
		1AAFC4A6133CB90100221F1A /* Frameworks */ = {
			isa = PBXGroup;
			children = (
				1AAFC4A7133CB90100221F1A /* UIKit.framework */,
				1AAFC4A9133CB90100221F1A /* Foundation.framework */,
				1AAFC4AB133CB90100221F1A /* CoreGraphics.framework */,
			);
			name = Frameworks;
			sourceTree = "<group>";
		};
		1AAFC4AD133CB90100221F1A /* TouchesExample */ = {
			isa = PBXGroup;
			children = (
				1AAFC4B6133CB90100221F1A /* TouchesExampleAppDelegate.h */,
				1AAFC4B7133CB90100221F1A /* TouchesExampleAppDelegate.m */,
				1AAFC4C7133CB90F00221F1A /* Shape.h */,
				1AAFC4C8133CB90F00221F1A /* Shape.m */,
				1AAFC4BC133CB90100221F1A /* TouchesExampleViewController.h */,
				1AAFC4BD133CB90100221F1A /* TouchesExampleViewController.m */,
				1AAFC4AE133CB90100221F1A /* Supporting Files */,
			);
			path = TouchesExample;
			sourceTree = "<group>";
		};
		1AAFC4AE133CB90100221F1A /* Supporting Files */ = {
			isa = PBXGroup;
			children = (
				1AAFC4AF133CB90100221F1A /* TouchesExample-Info.plist */,
				1AAFC4B0133CB90100221F1A /* InfoPlist.strings */,
				1AAFC4B3133CB90100221F1A /* TouchesExample-Prefix.pch */,
				1AAFC4B4133CB90100221F1A /* main.m */,
			);
			name = "Supporting Files";
			sourceTree = "<group>";
		};
/* End PBXGroup section */

/* Begin PBXNativeTarget section */
		1AAFC4A2133CB90100221F1A /* TouchesExample */ = {
			isa = PBXNativeTarget;
			buildConfigurationList = 1AAFC4C4133CB90100221F1A /* Build configuration list for PBXNativeTarget "TouchesExample" */;
			buildPhases = (
				1AAFC49F133CB90100221F1A /* Sources */,
				1AAFC4A0133CB90100221F1A /* Frameworks */,
				1AAFC4A1133CB90100221F1A /* Resources */,
			);
			buildRules = (
			);
			dependencies = (
			);
			name = TouchesExample;
			productName = TouchesExample;
			productReference = 1AAFC4A3133CB90100221F1A /* TouchesExample.app */;
			productType = "com.apple.product-type.application";
		};
/* End PBXNativeTarget section */

/* Begin PBXProject section */
		1AAFC49A133CB90100221F1A /* Project object */ = {
			isa = PBXProject;
			attributes = {
				LastUpgradeCheck = 0420;
				ORGANIZATIONNAME = "Echo Mobile Inc.";
			};
			buildConfigurationList = 1AAFC49D133CB90100221F1A /* Build configuration list for PBXProject "TouchesExample" */;
			compatibilityVersion = "Xcode 3.2";
			developmentRegion = English;
			hasScannedForEncodings = 0;
			knownRegions = (
				en,
			);
			mainGroup = 1AAFC498133CB90100221F1A;
			productRefGroup = 1AAFC4A4133CB90100221F1A /* Products */;
			projectDirPath = "";
			projectRoot = "";
			targets = (
				1AAFC4A2133CB90100221F1A /* TouchesExample */,
			);
		};
/* End PBXProject section */

/* Begin PBXResourcesBuildPhase section */
		1AAFC4A1133CB90100221F1A /* Resources */ = {
			isa = PBXResourcesBuildPhase;
			buildActionMask = 2147483647;
			files = (
				1AAFC4B2133CB90100221F1A /* InfoPlist.strings in Resources */,
			);
			runOnlyForDeploymentPostprocessing = 0;
		};
/* End PBXResourcesBuildPhase section */

/* Begin PBXSourcesBuildPhase section */
		1AAFC49F133CB90100221F1A /* Sources */ = {
			isa = PBXSourcesBuildPhase;
			buildActionMask = 2147483647;
			files = (
				1AAFC4B5133CB90100221F1A /* main.m in Sources */,
				1AAFC4B8133CB90100221F1A /* TouchesExampleAppDelegate.m in Sources */,
				1AAFC4BE133CB90100221F1A /* TouchesExampleViewController.m in Sources */,
				1AAFC4C9133CB90F00221F1A /* Shape.m in Sources */,
			);
			runOnlyForDeploymentPostprocessing = 0;
		};
/* End PBXSourcesBuildPhase section */

/* Begin PBXVariantGroup section */
		1AAFC4B0133CB90100221F1A /* InfoPlist.strings */ = {
			isa = PBXVariantGroup;
			children = (
				1AAFC4B1133CB90100221F1A /* en */,
			);
			name = InfoPlist.strings;
			sourceTree = "<group>";
		};
/* End PBXVariantGroup section */

/* Begin XCBuildConfiguration section */
		1AAFC4C2133CB90100221F1A /* Debug */ = {
			isa = XCBuildConfiguration;
			buildSettings = {
				ARCHS = "$(ARCHS_STANDARD_32_BIT)";
				"CODE_SIGN_IDENTITY[sdk=iphoneos*]" = "iPhone Developer";
				GCC_C_LANGUAGE_STANDARD = gnu99;
				GCC_OPTIMIZATION_LEVEL = 0;
				GCC_PREPROCESSOR_DEFINITIONS = DEBUG;
				GCC_SYMBOLS_PRIVATE_EXTERN = NO;
				GCC_VERSION = com.apple.compilers.llvmgcc42;
				GCC_WARN_ABOUT_RETURN_TYPE = YES;
				GCC_WARN_UNUSED_VARIABLE = YES;
				IPHONEOS_DEPLOYMENT_TARGET = 4.3;
				SDKROOT = iphoneos;
			};
			name = Debug;
		};
		1AAFC4C3133CB90100221F1A /* Release */ = {
			isa = XCBuildConfiguration;
			buildSettings = {
				ARCHS = "$(ARCHS_STANDARD_32_BIT)";
				"CODE_SIGN_IDENTITY[sdk=iphoneos*]" = "iPhone Developer";
				GCC_C_LANGUAGE_STANDARD = gnu99;
				GCC_VERSION = com.apple.compilers.llvmgcc42;
				GCC_WARN_ABOUT_RETURN_TYPE = YES;
				GCC_WARN_UNUSED_VARIABLE = YES;
				IPHONEOS_DEPLOYMENT_TARGET = 4.3;
				OTHER_CFLAGS = "-DNS_BLOCK_ASSERTIONS=1";
				SDKROOT = iphoneos;
			};
			name = Release;
		};
		1AAFC4C5133CB90100221F1A /* Debug */ = {
			isa = XCBuildConfiguration;
			buildSettings = {
				ALWAYS_SEARCH_USER_PATHS = NO;
				CLANG_ENABLE_OBJC_ARC = YES;
				COPY_PHASE_STRIP = NO;
				GCC_DYNAMIC_NO_PIC = NO;
				GCC_PRECOMPILE_PREFIX_HEADER = YES;
				GCC_PREFIX_HEADER = "TouchesExample/TouchesExample-Prefix.pch";
				GCC_VERSION = com.apple.compilers.llvm.clang.1_0;
				INFOPLIST_FILE = "TouchesExample/TouchesExample-Info.plist";
				PRODUCT_NAME = "$(TARGET_NAME)";
				WRAPPER_EXTENSION = app;
			};
			name = Debug;
		};
		1AAFC4C6133CB90100221F1A /* Release */ = {
			isa = XCBuildConfiguration;
			buildSettings = {
				ALWAYS_SEARCH_USER_PATHS = NO;
				CLANG_ENABLE_OBJC_ARC = YES;
				COPY_PHASE_STRIP = YES;
				GCC_PRECOMPILE_PREFIX_HEADER = YES;
				GCC_PREFIX_HEADER = "TouchesExample/TouchesExample-Prefix.pch";
				GCC_VERSION = com.apple.compilers.llvm.clang.1_0;
				INFOPLIST_FILE = "TouchesExample/TouchesExample-Info.plist";
				PRODUCT_NAME = "$(TARGET_NAME)";
				VALIDATE_PRODUCT = YES;
				WRAPPER_EXTENSION = app;
			};
			name = Release;
		};
/* End XCBuildConfiguration section */

/* Begin XCConfigurationList section */
		1AAFC49D133CB90100221F1A /* Build configuration list for PBXProject "TouchesExample" */ = {
			isa = XCConfigurationList;
			buildConfigurations = (
				1AAFC4C2133CB90100221F1A /* Debug */,
				1AAFC4C3133CB90100221F1A /* Release */,
			);
			defaultConfigurationIsVisible = 0;
			defaultConfigurationName = Release;
		};
		1AAFC4C4133CB90100221F1A /* Build configuration list for PBXNativeTarget "TouchesExample" */ = {
			isa = XCConfigurationList;
			buildConfigurations = (
				1AAFC4C5133CB90100221F1A /* Debug */,
				1AAFC4C6133CB90100221F1A /* Release */,
			);
			defaultConfigurationIsVisible = 0;
			defaultConfigurationName = Release;
		};
/* End XCConfigurationList section */
	};
	rootObject = 1AAFC49A133CB90100221F1A /* Project object */;
}
