// !$*UTF8*$!
{
	archiveVersion = 1;
	classes = {
	};
	objectVersion = 46;
	objects = {

/* Begin PBXBuildFile section */
		1D1C3F6914543B2B003E9FED /* UIKit.framework in Frameworks */ = {isa = PBXBuildFile; fileRef = 1D1C3F6814543B2B003E9FED /* UIKit.framework */; };
		1D1C3F6B14543B2B003E9FED /* Foundation.framework in Frameworks */ = {isa = PBXBuildFile; fileRef = 1D1C3F6A14543B2B003E9FED /* Foundation.framework */; };
		1D1C3F6D14543B2B003E9FED /* CoreGraphics.framework in Frameworks */ = {isa = PBXBuildFile; fileRef = 1D1C3F6C14543B2B003E9FED /* CoreGraphics.framework */; };
		1D1C3F7314543B2B003E9FED /* InfoPlist.strings in Resources */ = {isa = PBXBuildFile; fileRef = 1D1C3F7114543B2B003E9FED /* InfoPlist.strings */; };
		1D1C3F7514543B2B003E9FED /* main.m in Sources */ = {isa = PBXBuildFile; fileRef = 1D1C3F7414543B2B003E9FED /* main.m */; };
		1D1C3F7914543B2B003E9FED /* EMAppDelegate.m in Sources */ = {isa = PBXBuildFile; fileRef = 1D1C3F7814543B2B003E9FED /* EMAppDelegate.m */; };
		1D1C3F8114543B49003E9FED /* MainViewController.m in Sources */ = {isa = PBXBuildFile; fileRef = 1D1C3F8014543B49003E9FED /* MainViewController.m */; };
/* End PBXBuildFile section */

/* Begin PBXFileReference section */
		1D1C3F6414543B2B003E9FED /* UIAppearanceExample.app */ = {isa = PBXFileReference; explicitFileType = wrapper.application; includeInIndex = 0; path = UIAppearanceExample.app; sourceTree = BUILT_PRODUCTS_DIR; };
		1D1C3F6814543B2B003E9FED /* UIKit.framework */ = {isa = PBXFileReference; lastKnownFileType = wrapper.framework; name = UIKit.framework; path = System/Library/Frameworks/UIKit.framework; sourceTree = SDKROOT; };
		1D1C3F6A14543B2B003E9FED /* Foundation.framework */ = {isa = PBXFileReference; lastKnownFileType = wrapper.framework; name = Foundation.framework; path = System/Library/Frameworks/Foundation.framework; sourceTree = SDKROOT; };
		1D1C3F6C14543B2B003E9FED /* CoreGraphics.framework */ = {isa = PBXFileReference; lastKnownFileType = wrapper.framework; name = CoreGraphics.framework; path = System/Library/Frameworks/CoreGraphics.framework; sourceTree = SDKROOT; };
		1D1C3F7014543B2B003E9FED /* UIAppearanceExample-Info.plist */ = {isa = PBXFileReference; lastKnownFileType = text.plist.xml; path = "UIAppearanceExample-Info.plist"; sourceTree = "<group>"; };
		1D1C3F7214543B2B003E9FED /* en */ = {isa = PBXFileReference; lastKnownFileType = text.plist.strings; name = en; path = en.lproj/InfoPlist.strings; sourceTree = "<group>"; };
		1D1C3F7414543B2B003E9FED /* main.m */ = {isa = PBXFileReference; lastKnownFileType = sourcecode.c.objc; path = main.m; sourceTree = "<group>"; };
		1D1C3F7614543B2B003E9FED /* UIAppearanceExample-Prefix.pch */ = {isa = PBXFileReference; lastKnownFileType = sourcecode.c.h; path = "UIAppearanceExample-Prefix.pch"; sourceTree = "<group>"; };
		1D1C3F7714543B2B003E9FED /* EMAppDelegate.h */ = {isa = PBXFileReference; lastKnownFileType = sourcecode.c.h; path = EMAppDelegate.h; sourceTree = "<group>"; };
		1D1C3F7814543B2B003E9FED /* EMAppDelegate.m */ = {isa = PBXFileReference; lastKnownFileType = sourcecode.c.objc; path = EMAppDelegate.m; sourceTree = "<group>"; };
		1D1C3F7F14543B49003E9FED /* MainViewController.h */ = {isa = PBXFileReference; fileEncoding = 4; lastKnownFileType = sourcecode.c.h; path = MainViewController.h; sourceTree = "<group>"; };
		1D1C3F8014543B49003E9FED /* MainViewController.m */ = {isa = PBXFileReference; fileEncoding = 4; lastKnownFileType = sourcecode.c.objc; path = MainViewController.m; sourceTree = "<group>"; };
/* End PBXFileReference section */

/* Begin PBXFrameworksBuildPhase section */
		1D1C3F6114543B2B003E9FED /* Frameworks */ = {
			isa = PBXFrameworksBuildPhase;
			buildActionMask = 2147483647;
			files = (
				1D1C3F6914543B2B003E9FED /* UIKit.framework in Frameworks */,
				1D1C3F6B14543B2B003E9FED /* Foundation.framework in Frameworks */,
				1D1C3F6D14543B2B003E9FED /* CoreGraphics.framework in Frameworks */,
			);
			runOnlyForDeploymentPostprocessing = 0;
		};
/* End PBXFrameworksBuildPhase section */

/* Begin PBXGroup section */
		1D1C3F5914543B2B003E9FED = {
			isa = PBXGroup;
			children = (
				1D1C3F6E14543B2B003E9FED /* UIAppearanceExample */,
				1D1C3F6714543B2B003E9FED /* Frameworks */,
				1D1C3F6514543B2B003E9FED /* Products */,
			);
			sourceTree = "<group>";
		};
		1D1C3F6514543B2B003E9FED /* Products */ = {
			isa = PBXGroup;
			children = (
				1D1C3F6414543B2B003E9FED /* UIAppearanceExample.app */,
			);
			name = Products;
			sourceTree = "<group>";
		};
		1D1C3F6714543B2B003E9FED /* Frameworks */ = {
			isa = PBXGroup;
			children = (
				1D1C3F6814543B2B003E9FED /* UIKit.framework */,
				1D1C3F6A14543B2B003E9FED /* Foundation.framework */,
				1D1C3F6C14543B2B003E9FED /* CoreGraphics.framework */,
			);
			name = Frameworks;
			sourceTree = "<group>";
		};
		1D1C3F6E14543B2B003E9FED /* UIAppearanceExample */ = {
			isa = PBXGroup;
			children = (
				1D1C3F7714543B2B003E9FED /* EMAppDelegate.h */,
				1D1C3F7814543B2B003E9FED /* EMAppDelegate.m */,
				1D1C3F7F14543B49003E9FED /* MainViewController.h */,
				1D1C3F8014543B49003E9FED /* MainViewController.m */,
				1D1C3F6F14543B2B003E9FED /* Supporting Files */,
			);
			path = UIAppearanceExample;
			sourceTree = "<group>";
		};
		1D1C3F6F14543B2B003E9FED /* Supporting Files */ = {
			isa = PBXGroup;
			children = (
				1D1C3F7014543B2B003E9FED /* UIAppearanceExample-Info.plist */,
				1D1C3F7114543B2B003E9FED /* InfoPlist.strings */,
				1D1C3F7414543B2B003E9FED /* main.m */,
				1D1C3F7614543B2B003E9FED /* UIAppearanceExample-Prefix.pch */,
			);
			name = "Supporting Files";
			sourceTree = "<group>";
		};
/* End PBXGroup section */

/* Begin PBXNativeTarget section */
		1D1C3F6314543B2B003E9FED /* UIAppearanceExample */ = {
			isa = PBXNativeTarget;
			buildConfigurationList = 1D1C3F7C14543B2B003E9FED /* Build configuration list for PBXNativeTarget "UIAppearanceExample" */;
			buildPhases = (
				1D1C3F6014543B2B003E9FED /* Sources */,
				1D1C3F6114543B2B003E9FED /* Frameworks */,
				1D1C3F6214543B2B003E9FED /* Resources */,
			);
			buildRules = (
			);
			dependencies = (
			);
			name = UIAppearanceExample;
			productName = UIAppearanceExample;
			productReference = 1D1C3F6414543B2B003E9FED /* UIAppearanceExample.app */;
			productType = "com.apple.product-type.application";
		};
/* End PBXNativeTarget section */

/* Begin PBXProject section */
		1D1C3F5B14543B2B003E9FED /* Project object */ = {
			isa = PBXProject;
			attributes = {
				LastUpgradeCheck = 0420;
			};
			buildConfigurationList = 1D1C3F5E14543B2B003E9FED /* Build configuration list for PBXProject "UIAppearanceExample" */;
			compatibilityVersion = "Xcode 3.2";
			developmentRegion = English;
			hasScannedForEncodings = 0;
			knownRegions = (
				en,
			);
			mainGroup = 1D1C3F5914543B2B003E9FED;
			productRefGroup = 1D1C3F6514543B2B003E9FED /* Products */;
			projectDirPath = "";
			projectRoot = "";
			targets = (
				1D1C3F6314543B2B003E9FED /* UIAppearanceExample */,
			);
		};
/* End PBXProject section */

/* Begin PBXResourcesBuildPhase section */
		1D1C3F6214543B2B003E9FED /* Resources */ = {
			isa = PBXResourcesBuildPhase;
			buildActionMask = 2147483647;
			files = (
				1D1C3F7314543B2B003E9FED /* InfoPlist.strings in Resources */,
			);
			runOnlyForDeploymentPostprocessing = 0;
		};
/* End PBXResourcesBuildPhase section */

/* Begin PBXSourcesBuildPhase section */
		1D1C3F6014543B2B003E9FED /* Sources */ = {
			isa = PBXSourcesBuildPhase;
			buildActionMask = 2147483647;
			files = (
				1D1C3F7514543B2B003E9FED /* main.m in Sources */,
				1D1C3F7914543B2B003E9FED /* EMAppDelegate.m in Sources */,
				1D1C3F8114543B49003E9FED /* MainViewController.m in Sources */,
			);
			runOnlyForDeploymentPostprocessing = 0;
		};
/* End PBXSourcesBuildPhase section */

/* Begin PBXVariantGroup section */
		1D1C3F7114543B2B003E9FED /* InfoPlist.strings */ = {
			isa = PBXVariantGroup;
			children = (
				1D1C3F7214543B2B003E9FED /* en */,
			);
			name = InfoPlist.strings;
			sourceTree = "<group>";
		};
/* End PBXVariantGroup section */

/* Begin XCBuildConfiguration section */
		1D1C3F7A14543B2B003E9FED /* Debug */ = {
			isa = XCBuildConfiguration;
			buildSettings = {
				ALWAYS_SEARCH_USER_PATHS = NO;
				ARCHS = "$(ARCHS_STANDARD_32_BIT)";
				CLANG_ENABLE_OBJC_ARC = YES;
				"CODE_SIGN_IDENTITY[sdk=iphoneos*]" = "iPhone Developer";
				COPY_PHASE_STRIP = NO;
				GCC_C_LANGUAGE_STANDARD = gnu99;
				GCC_DYNAMIC_NO_PIC = NO;
				GCC_OPTIMIZATION_LEVEL = 0;
				GCC_PREPROCESSOR_DEFINITIONS = (
					"DEBUG=1",
					"$(inherited)",
				);
				GCC_SYMBOLS_PRIVATE_EXTERN = NO;
				GCC_VERSION = com.apple.compilers.llvm.clang.1_0;
				GCC_WARN_ABOUT_MISSING_PROTOTYPES = YES;
				GCC_WARN_ABOUT_RETURN_TYPE = YES;
				GCC_WARN_UNUSED_VARIABLE = YES;
				IPHONEOS_DEPLOYMENT_TARGET = 5.0;
				SDKROOT = iphoneos;
			};
			name = Debug;
		};
		1D1C3F7B14543B2B003E9FED /* Release */ = {
			isa = XCBuildConfiguration;
			buildSettings = {
				ALWAYS_SEARCH_USER_PATHS = NO;
				ARCHS = "$(ARCHS_STANDARD_32_BIT)";
				CLANG_ENABLE_OBJC_ARC = YES;
				"CODE_SIGN_IDENTITY[sdk=iphoneos*]" = "iPhone Developer";
				COPY_PHASE_STRIP = YES;
				GCC_C_LANGUAGE_STANDARD = gnu99;
				GCC_VERSION = com.apple.compilers.llvm.clang.1_0;
				GCC_WARN_ABOUT_MISSING_PROTOTYPES = YES;
				GCC_WARN_ABOUT_RETURN_TYPE = YES;
				GCC_WARN_UNUSED_VARIABLE = YES;
				IPHONEOS_DEPLOYMENT_TARGET = 5.0;
				OTHER_CFLAGS = "-DNS_BLOCK_ASSERTIONS=1";
				SDKROOT = iphoneos;
				VALIDATE_PRODUCT = YES;
			};
			name = Release;
		};
		1D1C3F7D14543B2B003E9FED /* Debug */ = {
			isa = XCBuildConfiguration;
			buildSettings = {
				GCC_PRECOMPILE_PREFIX_HEADER = YES;
				GCC_PREFIX_HEADER = "UIAppearanceExample/UIAppearanceExample-Prefix.pch";
				INFOPLIST_FILE = "UIAppearanceExample/UIAppearanceExample-Info.plist";
				PRODUCT_NAME = "$(TARGET_NAME)";
				WRAPPER_EXTENSION = app;
			};
			name = Debug;
		};
		1D1C3F7E14543B2B003E9FED /* Release */ = {
			isa = XCBuildConfiguration;
			buildSettings = {
				GCC_PRECOMPILE_PREFIX_HEADER = YES;
				GCC_PREFIX_HEADER = "UIAppearanceExample/UIAppearanceExample-Prefix.pch";
				INFOPLIST_FILE = "UIAppearanceExample/UIAppearanceExample-Info.plist";
				PRODUCT_NAME = "$(TARGET_NAME)";
				WRAPPER_EXTENSION = app;
			};
			name = Release;
		};
/* End XCBuildConfiguration section */

/* Begin XCConfigurationList section */
		1D1C3F5E14543B2B003E9FED /* Build configuration list for PBXProject "UIAppearanceExample" */ = {
			isa = XCConfigurationList;
			buildConfigurations = (
				1D1C3F7A14543B2B003E9FED /* Debug */,
				1D1C3F7B14543B2B003E9FED /* Release */,
			);
			defaultConfigurationIsVisible = 0;
			defaultConfigurationName = Release;
		};
		1D1C3F7C14543B2B003E9FED /* Build configuration list for PBXNativeTarget "UIAppearanceExample" */ = {
			isa = XCConfigurationList;
			buildConfigurations = (
				1D1C3F7D14543B2B003E9FED /* Debug */,
				1D1C3F7E14543B2B003E9FED /* Release */,
			);
			defaultConfigurationIsVisible = 0;
		};
/* End XCConfigurationList section */
	};
	rootObject = 1D1C3F5B14543B2B003E9FED /* Project object */;
}
