// !$*UTF8*$!
{
	archiveVersion = 1;
	classes = {
	};
	objectVersion = 46;
	objects = {

/* Begin PBXBuildFile section */
		1D5A6EB8150B78BD00A5224D /* UIKit.framework in Frameworks */ = {isa = PBXBuildFile; fileRef = 1D5A6EB7150B78BD00A5224D /* UIKit.framework */; };
		1D5A6EBA150B78BD00A5224D /* Foundation.framework in Frameworks */ = {isa = PBXBuildFile; fileRef = 1D5A6EB9150B78BD00A5224D /* Foundation.framework */; };
		1D5A6EBC150B78BD00A5224D /* CoreGraphics.framework in Frameworks */ = {isa = PBXBuildFile; fileRef = 1D5A6EBB150B78BD00A5224D /* CoreGraphics.framework */; };
		1D5A6EC2150B78BD00A5224D /* InfoPlist.strings in Resources */ = {isa = PBXBuildFile; fileRef = 1D5A6EC0150B78BD00A5224D /* InfoPlist.strings */; };
		1D5A6EC4150B78BD00A5224D /* main.m in Sources */ = {isa = PBXBuildFile; fileRef = 1D5A6EC3150B78BD00A5224D /* main.m */; };
		1D5A6EC8150B78BD00A5224D /* EMAppDelegate.m in Sources */ = {isa = PBXBuildFile; fileRef = 1D5A6EC7150B78BD00A5224D /* EMAppDelegate.m */; };
		1D5A6ECB150B78BD00A5224D /* EMViewController.m in Sources */ = {isa = PBXBuildFile; fileRef = 1D5A6ECA150B78BD00A5224D /* EMViewController.m */; };
		1D5A6ECE150B78BD00A5224D /* EMViewController.xib in Resources */ = {isa = PBXBuildFile; fileRef = 1D5A6ECC150B78BD00A5224D /* EMViewController.xib */; };
		1D5A6EFD150B7D2B00A5224D /* TableViewController.m in Sources */ = {isa = PBXBuildFile; fileRef = 1D5A6EFB150B7D2B00A5224D /* TableViewController.m */; };
		1D5A6EFE150B7D2B00A5224D /* TableViewController.xib in Resources */ = {isa = PBXBuildFile; fileRef = 1D5A6EFC150B7D2B00A5224D /* TableViewController.xib */; };
		1D5A6F06150B891E00A5224D /* EMSecondViewController.m in Sources */ = {isa = PBXBuildFile; fileRef = 1D5A6F04150B891E00A5224D /* EMSecondViewController.m */; };
		1D5A6F07150B891E00A5224D /* EMSecondViewController.xib in Resources */ = {isa = PBXBuildFile; fileRef = 1D5A6F05150B891E00A5224D /* EMSecondViewController.xib */; };
		1D5A6F10150BCE3900A5224D /* button_default.png in Resources */ = {isa = PBXBuildFile; fileRef = 1D5A6F0E150BCE3900A5224D /* button_default.png */; };
		1D5A6F11150BCE3900A5224D /* button_highlighted.png in Resources */ = {isa = PBXBuildFile; fileRef = 1D5A6F0F150BCE3900A5224D /* button_highlighted.png */; };
/* End PBXBuildFile section */

/* Begin PBXFileReference section */
		1D5A6EB3150B78BD00A5224D /* DataBasedApp.app */ = {isa = PBXFileReference; explicitFileType = wrapper.application; includeInIndex = 0; path = DataBasedApp.app; sourceTree = BUILT_PRODUCTS_DIR; };
		1D5A6EB7150B78BD00A5224D /* UIKit.framework */ = {isa = PBXFileReference; lastKnownFileType = wrapper.framework; name = UIKit.framework; path = System/Library/Frameworks/UIKit.framework; sourceTree = SDKROOT; };
		1D5A6EB9150B78BD00A5224D /* Foundation.framework */ = {isa = PBXFileReference; lastKnownFileType = wrapper.framework; name = Foundation.framework; path = System/Library/Frameworks/Foundation.framework; sourceTree = SDKROOT; };
		1D5A6EBB150B78BD00A5224D /* CoreGraphics.framework */ = {isa = PBXFileReference; lastKnownFileType = wrapper.framework; name = CoreGraphics.framework; path = System/Library/Frameworks/CoreGraphics.framework; sourceTree = SDKROOT; };
		1D5A6EBF150B78BD00A5224D /* DataBasedApp-Info.plist */ = {isa = PBXFileReference; lastKnownFileType = text.plist.xml; path = "DataBasedApp-Info.plist"; sourceTree = "<group>"; };
		1D5A6EC1150B78BD00A5224D /* en */ = {isa = PBXFileReference; lastKnownFileType = text.plist.strings; name = en; path = en.lproj/InfoPlist.strings; sourceTree = "<group>"; };
		1D5A6EC3150B78BD00A5224D /* main.m */ = {isa = PBXFileReference; lastKnownFileType = sourcecode.c.objc; path = main.m; sourceTree = "<group>"; };
		1D5A6EC5150B78BD00A5224D /* DataBasedApp-Prefix.pch */ = {isa = PBXFileReference; lastKnownFileType = sourcecode.c.h; path = "DataBasedApp-Prefix.pch"; sourceTree = "<group>"; };
		1D5A6EC6150B78BD00A5224D /* EMAppDelegate.h */ = {isa = PBXFileReference; lastKnownFileType = sourcecode.c.h; path = EMAppDelegate.h; sourceTree = "<group>"; };
		1D5A6EC7150B78BD00A5224D /* EMAppDelegate.m */ = {isa = PBXFileReference; lastKnownFileType = sourcecode.c.objc; path = EMAppDelegate.m; sourceTree = "<group>"; };
		1D5A6EC9150B78BD00A5224D /* EMViewController.h */ = {isa = PBXFileReference; lastKnownFileType = sourcecode.c.h; path = EMViewController.h; sourceTree = "<group>"; };
		1D5A6ECA150B78BD00A5224D /* EMViewController.m */ = {isa = PBXFileReference; lastKnownFileType = sourcecode.c.objc; path = EMViewController.m; sourceTree = "<group>"; };
		1D5A6ECD150B78BD00A5224D /* en */ = {isa = PBXFileReference; lastKnownFileType = file.xib; name = en; path = en.lproj/EMViewController.xib; sourceTree = "<group>"; };
		1D5A6EFA150B7D2B00A5224D /* TableViewController.h */ = {isa = PBXFileReference; fileEncoding = 4; lastKnownFileType = sourcecode.c.h; path = TableViewController.h; sourceTree = "<group>"; };
		1D5A6EFB150B7D2B00A5224D /* TableViewController.m */ = {isa = PBXFileReference; fileEncoding = 4; lastKnownFileType = sourcecode.c.objc; path = TableViewController.m; sourceTree = "<group>"; };
		1D5A6EFC150B7D2B00A5224D /* TableViewController.xib */ = {isa = PBXFileReference; fileEncoding = 4; lastKnownFileType = file.xib; path = TableViewController.xib; sourceTree = "<group>"; };
		1D5A6F03150B891E00A5224D /* EMSecondViewController.h */ = {isa = PBXFileReference; fileEncoding = 4; lastKnownFileType = sourcecode.c.h; path = EMSecondViewController.h; sourceTree = "<group>"; };
		1D5A6F04150B891E00A5224D /* EMSecondViewController.m */ = {isa = PBXFileReference; fileEncoding = 4; lastKnownFileType = sourcecode.c.objc; path = EMSecondViewController.m; sourceTree = "<group>"; };
		1D5A6F05150B891E00A5224D /* EMSecondViewController.xib */ = {isa = PBXFileReference; fileEncoding = 4; lastKnownFileType = file.xib; path = EMSecondViewController.xib; sourceTree = "<group>"; };
		1D5A6F0E150BCE3900A5224D /* button_default.png */ = {isa = PBXFileReference; lastKnownFileType = image.png; path = button_default.png; sourceTree = "<group>"; };
		1D5A6F0F150BCE3900A5224D /* button_highlighted.png */ = {isa = PBXFileReference; lastKnownFileType = image.png; path = button_highlighted.png; sourceTree = "<group>"; };
/* End PBXFileReference section */

/* Begin PBXFrameworksBuildPhase section */
		1D5A6EB0150B78BD00A5224D /* Frameworks */ = {
			isa = PBXFrameworksBuildPhase;
			buildActionMask = 2147483647;
			files = (
				1D5A6EB8150B78BD00A5224D /* UIKit.framework in Frameworks */,
				1D5A6EBA150B78BD00A5224D /* Foundation.framework in Frameworks */,
				1D5A6EBC150B78BD00A5224D /* CoreGraphics.framework in Frameworks */,
			);
			runOnlyForDeploymentPostprocessing = 0;
		};
/* End PBXFrameworksBuildPhase section */

/* Begin PBXGroup section */
		1D5A6EA8150B78BD00A5224D = {
			isa = PBXGroup;
			children = (
				1D5A6EBD150B78BD00A5224D /* DataBasedApp */,
				1D5A6EB6150B78BD00A5224D /* Frameworks */,
				1D5A6EB4150B78BD00A5224D /* Products */,
			);
			sourceTree = "<group>";
		};
		1D5A6EB4150B78BD00A5224D /* Products */ = {
			isa = PBXGroup;
			children = (
				1D5A6EB3150B78BD00A5224D /* DataBasedApp.app */,
			);
			name = Products;
			sourceTree = "<group>";
		};
		1D5A6EB6150B78BD00A5224D /* Frameworks */ = {
			isa = PBXGroup;
			children = (
				1D5A6EB7150B78BD00A5224D /* UIKit.framework */,
				1D5A6EB9150B78BD00A5224D /* Foundation.framework */,
				1D5A6EBB150B78BD00A5224D /* CoreGraphics.framework */,
			);
			name = Frameworks;
			sourceTree = "<group>";
		};
		1D5A6EBD150B78BD00A5224D /* DataBasedApp */ = {
			isa = PBXGroup;
			children = (
				1D5A6EC6150B78BD00A5224D /* EMAppDelegate.h */,
				1D5A6EC7150B78BD00A5224D /* EMAppDelegate.m */,
				1D5A6EC9150B78BD00A5224D /* EMViewController.h */,
				1D5A6ECA150B78BD00A5224D /* EMViewController.m */,
				1D5A6ECC150B78BD00A5224D /* EMViewController.xib */,
				1D5A6F03150B891E00A5224D /* EMSecondViewController.h */,
				1D5A6F04150B891E00A5224D /* EMSecondViewController.m */,
				1D5A6F05150B891E00A5224D /* EMSecondViewController.xib */,
				1D5A6EFA150B7D2B00A5224D /* TableViewController.h */,
				1D5A6EFB150B7D2B00A5224D /* TableViewController.m */,
				1D5A6EFC150B7D2B00A5224D /* TableViewController.xib */,
				1D5A6EBE150B78BD00A5224D /* Supporting Files */,
			);
			path = DataBasedApp;
			sourceTree = "<group>";
		};
		1D5A6EBE150B78BD00A5224D /* Supporting Files */ = {
			isa = PBXGroup;
			children = (
				1D5A6F0D150BCE3900A5224D /* Resources */,
				1D5A6EBF150B78BD00A5224D /* DataBasedApp-Info.plist */,
				1D5A6EC0150B78BD00A5224D /* InfoPlist.strings */,
				1D5A6EC3150B78BD00A5224D /* main.m */,
				1D5A6EC5150B78BD00A5224D /* DataBasedApp-Prefix.pch */,
			);
			name = "Supporting Files";
			sourceTree = "<group>";
		};
		1D5A6F0D150BCE3900A5224D /* Resources */ = {
			isa = PBXGroup;
			children = (
				1D5A6F0E150BCE3900A5224D /* button_default.png */,
				1D5A6F0F150BCE3900A5224D /* button_highlighted.png */,
			);
			path = Resources;
			sourceTree = "<group>";
		};
/* End PBXGroup section */

/* Begin PBXNativeTarget section */
		1D5A6EB2150B78BD00A5224D /* DataBasedApp */ = {
			isa = PBXNativeTarget;
			buildConfigurationList = 1D5A6ED1150B78BD00A5224D /* Build configuration list for PBXNativeTarget "DataBasedApp" */;
			buildPhases = (
				1D5A6EAF150B78BD00A5224D /* Sources */,
				1D5A6EB0150B78BD00A5224D /* Frameworks */,
				1D5A6EB1150B78BD00A5224D /* Resources */,
			);
			buildRules = (
			);
			dependencies = (
			);
			name = DataBasedApp;
			productName = DataBasedApp;
			productReference = 1D5A6EB3150B78BD00A5224D /* DataBasedApp.app */;
			productType = "com.apple.product-type.application";
		};
/* End PBXNativeTarget section */

/* Begin PBXProject section */
		1D5A6EAA150B78BD00A5224D /* Project object */ = {
			isa = PBXProject;
			attributes = {
				LastUpgradeCheck = 0420;
			};
			buildConfigurationList = 1D5A6EAD150B78BD00A5224D /* Build configuration list for PBXProject "DataBasedApp" */;
			compatibilityVersion = "Xcode 3.2";
			developmentRegion = English;
			hasScannedForEncodings = 0;
			knownRegions = (
				en,
			);
			mainGroup = 1D5A6EA8150B78BD00A5224D;
			productRefGroup = 1D5A6EB4150B78BD00A5224D /* Products */;
			projectDirPath = "";
			projectRoot = "";
			targets = (
				1D5A6EB2150B78BD00A5224D /* DataBasedApp */,
			);
		};
/* End PBXProject section */

/* Begin PBXResourcesBuildPhase section */
		1D5A6EB1150B78BD00A5224D /* Resources */ = {
			isa = PBXResourcesBuildPhase;
			buildActionMask = 2147483647;
			files = (
				1D5A6EC2150B78BD00A5224D /* InfoPlist.strings in Resources */,
				1D5A6ECE150B78BD00A5224D /* EMViewController.xib in Resources */,
				1D5A6EFE150B7D2B00A5224D /* TableViewController.xib in Resources */,
				1D5A6F07150B891E00A5224D /* EMSecondViewController.xib in Resources */,
				1D5A6F10150BCE3900A5224D /* button_default.png in Resources */,
				1D5A6F11150BCE3900A5224D /* button_highlighted.png in Resources */,
			);
			runOnlyForDeploymentPostprocessing = 0;
		};
/* End PBXResourcesBuildPhase section */

/* Begin PBXSourcesBuildPhase section */
		1D5A6EAF150B78BD00A5224D /* Sources */ = {
			isa = PBXSourcesBuildPhase;
			buildActionMask = 2147483647;
			files = (
				1D5A6EC4150B78BD00A5224D /* main.m in Sources */,
				1D5A6EC8150B78BD00A5224D /* EMAppDelegate.m in Sources */,
				1D5A6ECB150B78BD00A5224D /* EMViewController.m in Sources */,
				1D5A6EFD150B7D2B00A5224D /* TableViewController.m in Sources */,
				1D5A6F06150B891E00A5224D /* EMSecondViewController.m in Sources */,
			);
			runOnlyForDeploymentPostprocessing = 0;
		};
/* End PBXSourcesBuildPhase section */

/* Begin PBXVariantGroup section */
		1D5A6EC0150B78BD00A5224D /* InfoPlist.strings */ = {
			isa = PBXVariantGroup;
			children = (
				1D5A6EC1150B78BD00A5224D /* en */,
			);
			name = InfoPlist.strings;
			sourceTree = "<group>";
		};
		1D5A6ECC150B78BD00A5224D /* EMViewController.xib */ = {
			isa = PBXVariantGroup;
			children = (
				1D5A6ECD150B78BD00A5224D /* en */,
			);
			name = EMViewController.xib;
			sourceTree = "<group>";
		};
/* End PBXVariantGroup section */

/* Begin XCBuildConfiguration section */
		1D5A6ECF150B78BD00A5224D /* Debug */ = {
			isa = XCBuildConfiguration;
			buildSettings = {
				ALWAYS_SEARCH_USER_PATHS = NO;
				ARCHS = "$(ARCHS_STANDARD_32_BIT)";
				CLANG_ENABLE_OBJC_ARC = YES;
				"CODE_SIGN_IDENTITY[sdk=iphoneos*]" = "iPhone Developer";
				COPY_PHASE_STRIP = NO;
				GCC_C_LANGUAGE_STANDARD = gnu99;
				GCC_DYNAMIC_NO_PIC = NO;
				GCC_OPTIMIZATION_LEVEL = 0;
				GCC_PREPROCESSOR_DEFINITIONS = (
					"DEBUG=1",
					"$(inherited)",
				);
				GCC_SYMBOLS_PRIVATE_EXTERN = NO;
				GCC_VERSION = com.apple.compilers.llvm.clang.1_0;
				GCC_WARN_ABOUT_MISSING_PROTOTYPES = YES;
				GCC_WARN_ABOUT_RETURN_TYPE = YES;
				GCC_WARN_UNUSED_VARIABLE = YES;
				IPHONEOS_DEPLOYMENT_TARGET = 5.0;
				SDKROOT = iphoneos;
			};
			name = Debug;
		};
		1D5A6ED0150B78BD00A5224D /* Release */ = {
			isa = XCBuildConfiguration;
			buildSettings = {
				ALWAYS_SEARCH_USER_PATHS = NO;
				ARCHS = "$(ARCHS_STANDARD_32_BIT)";
				CLANG_ENABLE_OBJC_ARC = YES;
				"CODE_SIGN_IDENTITY[sdk=iphoneos*]" = "iPhone Developer";
				COPY_PHASE_STRIP = YES;
				GCC_C_LANGUAGE_STANDARD = gnu99;
				GCC_VERSION = com.apple.compilers.llvm.clang.1_0;
				GCC_WARN_ABOUT_MISSING_PROTOTYPES = YES;
				GCC_WARN_ABOUT_RETURN_TYPE = YES;
				GCC_WARN_UNUSED_VARIABLE = YES;
				IPHONEOS_DEPLOYMENT_TARGET = 5.0;
				OTHER_CFLAGS = "-DNS_BLOCK_ASSERTIONS=1";
				SDKROOT = iphoneos;
				VALIDATE_PRODUCT = YES;
			};
			name = Release;
		};
		1D5A6ED2150B78BD00A5224D /* Debug */ = {
			isa = XCBuildConfiguration;
			buildSettings = {
				GCC_PRECOMPILE_PREFIX_HEADER = YES;
				GCC_PREFIX_HEADER = "DataBasedApp/DataBasedApp-Prefix.pch";
				INFOPLIST_FILE = "DataBasedApp/DataBasedApp-Info.plist";
				PRODUCT_NAME = "$(TARGET_NAME)";
				WRAPPER_EXTENSION = app;
			};
			name = Debug;
		};
		1D5A6ED3150B78BD00A5224D /* Release */ = {
			isa = XCBuildConfiguration;
			buildSettings = {
				GCC_PRECOMPILE_PREFIX_HEADER = YES;
				GCC_PREFIX_HEADER = "DataBasedApp/DataBasedApp-Prefix.pch";
				INFOPLIST_FILE = "DataBasedApp/DataBasedApp-Info.plist";
				PRODUCT_NAME = "$(TARGET_NAME)";
				WRAPPER_EXTENSION = app;
			};
			name = Release;
		};
/* End XCBuildConfiguration section */

/* Begin XCConfigurationList section */
		1D5A6EAD150B78BD00A5224D /* Build configuration list for PBXProject "DataBasedApp" */ = {
			isa = XCConfigurationList;
			buildConfigurations = (
				1D5A6ECF150B78BD00A5224D /* Debug */,
				1D5A6ED0150B78BD00A5224D /* Release */,
			);
			defaultConfigurationIsVisible = 0;
			defaultConfigurationName = Release;
		};
		1D5A6ED1150B78BD00A5224D /* Build configuration list for PBXNativeTarget "DataBasedApp" */ = {
			isa = XCConfigurationList;
			buildConfigurations = (
				1D5A6ED2150B78BD00A5224D /* Debug */,
				1D5A6ED3150B78BD00A5224D /* Release */,
			);
			defaultConfigurationIsVisible = 0;
		};
/* End XCConfigurationList section */
	};
	rootObject = 1D5A6EAA150B78BD00A5224D /* Project object */;
}
