// !$*UTF8*$!
{
	archiveVersion = 1;
	classes = {
	};
	objectVersion = 46;
	objects = {

/* Begin PBXBuildFile section */
		9C4DC9F6161F376C0085CD35 /* UIKit.framework in Frameworks */ = {isa = PBXBuildFile; fileRef = 9C4DC9F5161F376C0085CD35 /* UIKit.framework */; };
		9C4DC9F8161F376C0085CD35 /* Foundation.framework in Frameworks */ = {isa = PBXBuildFile; fileRef = 9C4DC9F7161F376C0085CD35 /* Foundation.framework */; };
		9C4DC9FA161F376C0085CD35 /* CoreGraphics.framework in Frameworks */ = {isa = PBXBuildFile; fileRef = 9C4DC9F9161F376C0085CD35 /* CoreGraphics.framework */; };
		9C4DCA00161F376D0085CD35 /* InfoPlist.strings in Resources */ = {isa = PBXBuildFile; fileRef = 9C4DC9FE161F376D0085CD35 /* InfoPlist.strings */; };
		9C4DCA02161F376D0085CD35 /* main.m in Sources */ = {isa = PBXBuildFile; fileRef = 9C4DCA01161F376D0085CD35 /* main.m */; };
		9C4DCA06161F376D0085CD35 /* BAAppDelegate.m in Sources */ = {isa = PBXBuildFile; fileRef = 9C4DCA05161F376D0085CD35 /* BAAppDelegate.m */; };
		9C4DCA08161F376D0085CD35 /* Default.png in Resources */ = {isa = PBXBuildFile; fileRef = 9C4DCA07161F376D0085CD35 /* Default.png */; };
		9C4DCA0A161F376D0085CD35 /* Default@2x.png in Resources */ = {isa = PBXBuildFile; fileRef = 9C4DCA09161F376D0085CD35 /* Default@2x.png */; };
		9C4DCA0C161F376D0085CD35 /* Default-568h@2x.png in Resources */ = {isa = PBXBuildFile; fileRef = 9C4DCA0B161F376D0085CD35 /* Default-568h@2x.png */; };
		9C4DCA0F161F376D0085CD35 /* MainStoryboard.storyboard in Resources */ = {isa = PBXBuildFile; fileRef = 9C4DCA0D161F376D0085CD35 /* MainStoryboard.storyboard */; };
		9C4DCA12161F376D0085CD35 /* BAViewController.m in Sources */ = {isa = PBXBuildFile; fileRef = 9C4DCA11161F376D0085CD35 /* BAViewController.m */; };
		9C4DCA19161F37840085CD35 /* CoreLocation.framework in Frameworks */ = {isa = PBXBuildFile; fileRef = 9C4DCA18161F37840085CD35 /* CoreLocation.framework */; };
		9C4DCA1B161F39540085CD35 /* MapKit.framework in Frameworks */ = {isa = PBXBuildFile; fileRef = 9C4DCA1A161F39540085CD35 /* MapKit.framework */; };
		9C4DCA1E161F3A670085CD35 /* BAAnnotation.m in Sources */ = {isa = PBXBuildFile; fileRef = 9C4DCA1D161F3A670085CD35 /* BAAnnotation.m */; };
		9C4DCA20161F427E0085CD35 /* cake.gpx in Resources */ = {isa = PBXBuildFile; fileRef = 9C4DCA1F161F427E0085CD35 /* cake.gpx */; };
/* End PBXBuildFile section */

/* Begin PBXFileReference section */
		9C4DC9F1161F376C0085CD35 /* BeerAdvisor.app */ = {isa = PBXFileReference; explicitFileType = wrapper.application; includeInIndex = 0; path = BeerAdvisor.app; sourceTree = BUILT_PRODUCTS_DIR; };
		9C4DC9F5161F376C0085CD35 /* UIKit.framework */ = {isa = PBXFileReference; lastKnownFileType = wrapper.framework; name = UIKit.framework; path = System/Library/Frameworks/UIKit.framework; sourceTree = SDKROOT; };
		9C4DC9F7161F376C0085CD35 /* Foundation.framework */ = {isa = PBXFileReference; lastKnownFileType = wrapper.framework; name = Foundation.framework; path = System/Library/Frameworks/Foundation.framework; sourceTree = SDKROOT; };
		9C4DC9F9161F376C0085CD35 /* CoreGraphics.framework */ = {isa = PBXFileReference; lastKnownFileType = wrapper.framework; name = CoreGraphics.framework; path = System/Library/Frameworks/CoreGraphics.framework; sourceTree = SDKROOT; };
		9C4DC9FD161F376C0085CD35 /* BeerAdvisor-Info.plist */ = {isa = PBXFileReference; lastKnownFileType = text.plist.xml; path = "BeerAdvisor-Info.plist"; sourceTree = "<group>"; };
		9C4DC9FF161F376D0085CD35 /* en */ = {isa = PBXFileReference; lastKnownFileType = text.plist.strings; name = en; path = en.lproj/InfoPlist.strings; sourceTree = "<group>"; };
		9C4DCA01161F376D0085CD35 /* main.m */ = {isa = PBXFileReference; lastKnownFileType = sourcecode.c.objc; path = main.m; sourceTree = "<group>"; };
		9C4DCA03161F376D0085CD35 /* BeerAdvisor-Prefix.pch */ = {isa = PBXFileReference; lastKnownFileType = sourcecode.c.h; path = "BeerAdvisor-Prefix.pch"; sourceTree = "<group>"; };
		9C4DCA04161F376D0085CD35 /* BAAppDelegate.h */ = {isa = PBXFileReference; lastKnownFileType = sourcecode.c.h; path = BAAppDelegate.h; sourceTree = "<group>"; };
		9C4DCA05161F376D0085CD35 /* BAAppDelegate.m */ = {isa = PBXFileReference; lastKnownFileType = sourcecode.c.objc; path = BAAppDelegate.m; sourceTree = "<group>"; };
		9C4DCA07161F376D0085CD35 /* Default.png */ = {isa = PBXFileReference; lastKnownFileType = image.png; path = Default.png; sourceTree = "<group>"; };
		9C4DCA09161F376D0085CD35 /* Default@2x.png */ = {isa = PBXFileReference; lastKnownFileType = image.png; path = "Default@2x.png"; sourceTree = "<group>"; };
		9C4DCA0B161F376D0085CD35 /* Default-568h@2x.png */ = {isa = PBXFileReference; lastKnownFileType = image.png; path = "Default-568h@2x.png"; sourceTree = "<group>"; };
		9C4DCA0E161F376D0085CD35 /* en */ = {isa = PBXFileReference; lastKnownFileType = file.storyboard; name = en; path = en.lproj/MainStoryboard.storyboard; sourceTree = "<group>"; };
		9C4DCA10161F376D0085CD35 /* BAViewController.h */ = {isa = PBXFileReference; lastKnownFileType = sourcecode.c.h; path = BAViewController.h; sourceTree = "<group>"; };
		9C4DCA11161F376D0085CD35 /* BAViewController.m */ = {isa = PBXFileReference; lastKnownFileType = sourcecode.c.objc; path = BAViewController.m; sourceTree = "<group>"; };
		9C4DCA18161F37840085CD35 /* CoreLocation.framework */ = {isa = PBXFileReference; lastKnownFileType = wrapper.framework; name = CoreLocation.framework; path = System/Library/Frameworks/CoreLocation.framework; sourceTree = SDKROOT; };
		9C4DCA1A161F39540085CD35 /* MapKit.framework */ = {isa = PBXFileReference; lastKnownFileType = wrapper.framework; name = MapKit.framework; path = System/Library/Frameworks/MapKit.framework; sourceTree = SDKROOT; };
		9C4DCA1C161F3A670085CD35 /* BAAnnotation.h */ = {isa = PBXFileReference; fileEncoding = 4; lastKnownFileType = sourcecode.c.h; path = BAAnnotation.h; sourceTree = "<group>"; };
		9C4DCA1D161F3A670085CD35 /* BAAnnotation.m */ = {isa = PBXFileReference; fileEncoding = 4; lastKnownFileType = sourcecode.c.objc; path = BAAnnotation.m; sourceTree = "<group>"; };
		9C4DCA1F161F427E0085CD35 /* cake.gpx */ = {isa = PBXFileReference; fileEncoding = 4; lastKnownFileType = text.xml; path = cake.gpx; sourceTree = "<group>"; };
/* End PBXFileReference section */

/* Begin PBXFrameworksBuildPhase section */
		9C4DC9EE161F376C0085CD35 /* Frameworks */ = {
			isa = PBXFrameworksBuildPhase;
			buildActionMask = 2147483647;
			files = (
				9C4DCA1B161F39540085CD35 /* MapKit.framework in Frameworks */,
				9C4DCA19161F37840085CD35 /* CoreLocation.framework in Frameworks */,
				9C4DC9F6161F376C0085CD35 /* UIKit.framework in Frameworks */,
				9C4DC9F8161F376C0085CD35 /* Foundation.framework in Frameworks */,
				9C4DC9FA161F376C0085CD35 /* CoreGraphics.framework in Frameworks */,
			);
			runOnlyForDeploymentPostprocessing = 0;
		};
/* End PBXFrameworksBuildPhase section */

/* Begin PBXGroup section */
		9C4DC9E6161F376C0085CD35 = {
			isa = PBXGroup;
			children = (
				9C4DCA1F161F427E0085CD35 /* cake.gpx */,
				9C4DCA1C161F3A670085CD35 /* BAAnnotation.h */,
				9C4DCA1D161F3A670085CD35 /* BAAnnotation.m */,
				9C4DCA1A161F39540085CD35 /* MapKit.framework */,
				9C4DCA18161F37840085CD35 /* CoreLocation.framework */,
				9C4DC9FB161F376C0085CD35 /* BeerAdvisor */,
				9C4DC9F4161F376C0085CD35 /* Frameworks */,
				9C4DC9F2161F376C0085CD35 /* Products */,
			);
			sourceTree = "<group>";
		};
		9C4DC9F2161F376C0085CD35 /* Products */ = {
			isa = PBXGroup;
			children = (
				9C4DC9F1161F376C0085CD35 /* BeerAdvisor.app */,
			);
			name = Products;
			sourceTree = "<group>";
		};
		9C4DC9F4161F376C0085CD35 /* Frameworks */ = {
			isa = PBXGroup;
			children = (
				9C4DC9F5161F376C0085CD35 /* UIKit.framework */,
				9C4DC9F7161F376C0085CD35 /* Foundation.framework */,
				9C4DC9F9161F376C0085CD35 /* CoreGraphics.framework */,
			);
			name = Frameworks;
			sourceTree = "<group>";
		};
		9C4DC9FB161F376C0085CD35 /* BeerAdvisor */ = {
			isa = PBXGroup;
			children = (
				9C4DCA04161F376D0085CD35 /* BAAppDelegate.h */,
				9C4DCA05161F376D0085CD35 /* BAAppDelegate.m */,
				9C4DCA0D161F376D0085CD35 /* MainStoryboard.storyboard */,
				9C4DCA10161F376D0085CD35 /* BAViewController.h */,
				9C4DCA11161F376D0085CD35 /* BAViewController.m */,
				9C4DC9FC161F376C0085CD35 /* Supporting Files */,
			);
			path = BeerAdvisor;
			sourceTree = "<group>";
		};
		9C4DC9FC161F376C0085CD35 /* Supporting Files */ = {
			isa = PBXGroup;
			children = (
				9C4DC9FD161F376C0085CD35 /* BeerAdvisor-Info.plist */,
				9C4DC9FE161F376D0085CD35 /* InfoPlist.strings */,
				9C4DCA01161F376D0085CD35 /* main.m */,
				9C4DCA03161F376D0085CD35 /* BeerAdvisor-Prefix.pch */,
				9C4DCA07161F376D0085CD35 /* Default.png */,
				9C4DCA09161F376D0085CD35 /* Default@2x.png */,
				9C4DCA0B161F376D0085CD35 /* Default-568h@2x.png */,
			);
			name = "Supporting Files";
			sourceTree = "<group>";
		};
/* End PBXGroup section */

/* Begin PBXNativeTarget section */
		9C4DC9F0161F376C0085CD35 /* BeerAdvisor */ = {
			isa = PBXNativeTarget;
			buildConfigurationList = 9C4DCA15161F376D0085CD35 /* Build configuration list for PBXNativeTarget "BeerAdvisor" */;
			buildPhases = (
				9C4DC9ED161F376C0085CD35 /* Sources */,
				9C4DC9EE161F376C0085CD35 /* Frameworks */,
				9C4DC9EF161F376C0085CD35 /* Resources */,
			);
			buildRules = (
			);
			dependencies = (
			);
			name = BeerAdvisor;
			productName = BeerAdvisor;
			productReference = 9C4DC9F1161F376C0085CD35 /* BeerAdvisor.app */;
			productType = "com.apple.product-type.application";
		};
/* End PBXNativeTarget section */

/* Begin PBXProject section */
		9C4DC9E8161F376C0085CD35 /* Project object */ = {
			isa = PBXProject;
			attributes = {
				CLASSPREFIX = BA;
				LastUpgradeCheck = 0450;
				ORGANIZATIONNAME = "Underplot ltd.";
			};
			buildConfigurationList = 9C4DC9EB161F376C0085CD35 /* Build configuration list for PBXProject "BeerAdvisor" */;
			compatibilityVersion = "Xcode 3.2";
			developmentRegion = English;
			hasScannedForEncodings = 0;
			knownRegions = (
				en,
			);
			mainGroup = 9C4DC9E6161F376C0085CD35;
			productRefGroup = 9C4DC9F2161F376C0085CD35 /* Products */;
			projectDirPath = "";
			projectRoot = "";
			targets = (
				9C4DC9F0161F376C0085CD35 /* BeerAdvisor */,
			);
		};
/* End PBXProject section */

/* Begin PBXResourcesBuildPhase section */
		9C4DC9EF161F376C0085CD35 /* Resources */ = {
			isa = PBXResourcesBuildPhase;
			buildActionMask = 2147483647;
			files = (
				9C4DCA00161F376D0085CD35 /* InfoPlist.strings in Resources */,
				9C4DCA08161F376D0085CD35 /* Default.png in Resources */,
				9C4DCA0A161F376D0085CD35 /* Default@2x.png in Resources */,
				9C4DCA0C161F376D0085CD35 /* Default-568h@2x.png in Resources */,
				9C4DCA0F161F376D0085CD35 /* MainStoryboard.storyboard in Resources */,
				9C4DCA20161F427E0085CD35 /* cake.gpx in Resources */,
			);
			runOnlyForDeploymentPostprocessing = 0;
		};
/* End PBXResourcesBuildPhase section */

/* Begin PBXSourcesBuildPhase section */
		9C4DC9ED161F376C0085CD35 /* Sources */ = {
			isa = PBXSourcesBuildPhase;
			buildActionMask = 2147483647;
			files = (
				9C4DCA02161F376D0085CD35 /* main.m in Sources */,
				9C4DCA06161F376D0085CD35 /* BAAppDelegate.m in Sources */,
				9C4DCA12161F376D0085CD35 /* BAViewController.m in Sources */,
				9C4DCA1E161F3A670085CD35 /* BAAnnotation.m in Sources */,
			);
			runOnlyForDeploymentPostprocessing = 0;
		};
/* End PBXSourcesBuildPhase section */

/* Begin PBXVariantGroup section */
		9C4DC9FE161F376D0085CD35 /* InfoPlist.strings */ = {
			isa = PBXVariantGroup;
			children = (
				9C4DC9FF161F376D0085CD35 /* en */,
			);
			name = InfoPlist.strings;
			sourceTree = "<group>";
		};
		9C4DCA0D161F376D0085CD35 /* MainStoryboard.storyboard */ = {
			isa = PBXVariantGroup;
			children = (
				9C4DCA0E161F376D0085CD35 /* en */,
			);
			name = MainStoryboard.storyboard;
			sourceTree = "<group>";
		};
/* End PBXVariantGroup section */

/* Begin XCBuildConfiguration section */
		9C4DCA13161F376D0085CD35 /* Debug */ = {
			isa = XCBuildConfiguration;
			buildSettings = {
				ALWAYS_SEARCH_USER_PATHS = NO;
				CLANG_CXX_LANGUAGE_STANDARD = "gnu++0x";
				CLANG_CXX_LIBRARY = "libc++";
				CLANG_ENABLE_OBJC_ARC = YES;
				CLANG_WARN_EMPTY_BODY = YES;
				CLANG_WARN__DUPLICATE_METHOD_MATCH = YES;
				"CODE_SIGN_IDENTITY[sdk=iphoneos*]" = "iPhone Developer";
				COPY_PHASE_STRIP = NO;
				GCC_C_LANGUAGE_STANDARD = gnu99;
				GCC_DYNAMIC_NO_PIC = NO;
				GCC_OPTIMIZATION_LEVEL = 0;
				GCC_PREPROCESSOR_DEFINITIONS = (
					"DEBUG=1",
					"$(inherited)",
				);
				GCC_SYMBOLS_PRIVATE_EXTERN = NO;
				GCC_WARN_ABOUT_RETURN_TYPE = YES;
				GCC_WARN_UNINITIALIZED_AUTOS = YES;
				GCC_WARN_UNUSED_VARIABLE = YES;
				IPHONEOS_DEPLOYMENT_TARGET = 6.0;
				SDKROOT = iphoneos;
			};
			name = Debug;
		};
		9C4DCA14161F376D0085CD35 /* Release */ = {
			isa = XCBuildConfiguration;
			buildSettings = {
				ALWAYS_SEARCH_USER_PATHS = NO;
				CLANG_CXX_LANGUAGE_STANDARD = "gnu++0x";
				CLANG_CXX_LIBRARY = "libc++";
				CLANG_ENABLE_OBJC_ARC = YES;
				CLANG_WARN_EMPTY_BODY = YES;
				CLANG_WARN__DUPLICATE_METHOD_MATCH = YES;
				"CODE_SIGN_IDENTITY[sdk=iphoneos*]" = "iPhone Developer";
				COPY_PHASE_STRIP = YES;
				GCC_C_LANGUAGE_STANDARD = gnu99;
				GCC_WARN_ABOUT_RETURN_TYPE = YES;
				GCC_WARN_UNINITIALIZED_AUTOS = YES;
				GCC_WARN_UNUSED_VARIABLE = YES;
				IPHONEOS_DEPLOYMENT_TARGET = 6.0;
				OTHER_CFLAGS = "-DNS_BLOCK_ASSERTIONS=1";
				SDKROOT = iphoneos;
				VALIDATE_PRODUCT = YES;
			};
			name = Release;
		};
		9C4DCA16161F376D0085CD35 /* Debug */ = {
			isa = XCBuildConfiguration;
			buildSettings = {
				GCC_PRECOMPILE_PREFIX_HEADER = YES;
				GCC_PREFIX_HEADER = "BeerAdvisor/BeerAdvisor-Prefix.pch";
				INFOPLIST_FILE = "BeerAdvisor/BeerAdvisor-Info.plist";
				PRODUCT_NAME = "$(TARGET_NAME)";
				WRAPPER_EXTENSION = app;
			};
			name = Debug;
		};
		9C4DCA17161F376D0085CD35 /* Release */ = {
			isa = XCBuildConfiguration;
			buildSettings = {
				GCC_PRECOMPILE_PREFIX_HEADER = YES;
				GCC_PREFIX_HEADER = "BeerAdvisor/BeerAdvisor-Prefix.pch";
				INFOPLIST_FILE = "BeerAdvisor/BeerAdvisor-Info.plist";
				PRODUCT_NAME = "$(TARGET_NAME)";
				WRAPPER_EXTENSION = app;
			};
			name = Release;
		};
/* End XCBuildConfiguration section */

/* Begin XCConfigurationList section */
		9C4DC9EB161F376C0085CD35 /* Build configuration list for PBXProject "BeerAdvisor" */ = {
			isa = XCConfigurationList;
			buildConfigurations = (
				9C4DCA13161F376D0085CD35 /* Debug */,
				9C4DCA14161F376D0085CD35 /* Release */,
			);
			defaultConfigurationIsVisible = 0;
			defaultConfigurationName = Release;
		};
		9C4DCA15161F376D0085CD35 /* Build configuration list for PBXNativeTarget "BeerAdvisor" */ = {
			isa = XCConfigurationList;
			buildConfigurations = (
				9C4DCA16161F376D0085CD35 /* Debug */,
				9C4DCA17161F376D0085CD35 /* Release */,
			);
			defaultConfigurationIsVisible = 0;
		};
/* End XCConfigurationList section */
	};
	rootObject = 9C4DC9E8161F376C0085CD35 /* Project object */;
}
