// !$*UTF8*$!
{
	archiveVersion = 1;
	classes = {
	};
	objectVersion = 46;
	objects = {

/* Begin PBXBuildFile section */
		1D4D5F4314540AEB0050F7BB /* UIKit.framework in Frameworks */ = {isa = PBXBuildFile; fileRef = 1D4D5F4214540AEB0050F7BB /* UIKit.framework */; };
		1D4D5F4514540AEB0050F7BB /* Foundation.framework in Frameworks */ = {isa = PBXBuildFile; fileRef = 1D4D5F4414540AEB0050F7BB /* Foundation.framework */; };
		1D4D5F4714540AEB0050F7BB /* CoreGraphics.framework in Frameworks */ = {isa = PBXBuildFile; fileRef = 1D4D5F4614540AEB0050F7BB /* CoreGraphics.framework */; };
		1D4D5F4D14540AEB0050F7BB /* InfoPlist.strings in Resources */ = {isa = PBXBuildFile; fileRef = 1D4D5F4B14540AEB0050F7BB /* InfoPlist.strings */; };
		1D4D5F4F14540AEB0050F7BB /* main.m in Sources */ = {isa = PBXBuildFile; fileRef = 1D4D5F4E14540AEB0050F7BB /* main.m */; };
		1D4D5F5314540AEB0050F7BB /* EMAppDelegate.m in Sources */ = {isa = PBXBuildFile; fileRef = 1D4D5F5214540AEB0050F7BB /* EMAppDelegate.m */; };
		1D4D5F6214540BD20050F7BB /* Settings.bundle in Resources */ = {isa = PBXBuildFile; fileRef = 1D4D5F6114540BD20050F7BB /* Settings.bundle */; };
		1D4D5F6514540D2A0050F7BB /* MainViewController.m in Sources */ = {isa = PBXBuildFile; fileRef = 1D4D5F6414540D290050F7BB /* MainViewController.m */; };
/* End PBXBuildFile section */

/* Begin PBXFileReference section */
		1D4D5F3E14540AEB0050F7BB /* SettingsPanelExample.app */ = {isa = PBXFileReference; explicitFileType = wrapper.application; includeInIndex = 0; path = SettingsPanelExample.app; sourceTree = BUILT_PRODUCTS_DIR; };
		1D4D5F4214540AEB0050F7BB /* UIKit.framework */ = {isa = PBXFileReference; lastKnownFileType = wrapper.framework; name = UIKit.framework; path = System/Library/Frameworks/UIKit.framework; sourceTree = SDKROOT; };
		1D4D5F4414540AEB0050F7BB /* Foundation.framework */ = {isa = PBXFileReference; lastKnownFileType = wrapper.framework; name = Foundation.framework; path = System/Library/Frameworks/Foundation.framework; sourceTree = SDKROOT; };
		1D4D5F4614540AEB0050F7BB /* CoreGraphics.framework */ = {isa = PBXFileReference; lastKnownFileType = wrapper.framework; name = CoreGraphics.framework; path = System/Library/Frameworks/CoreGraphics.framework; sourceTree = SDKROOT; };
		1D4D5F4A14540AEB0050F7BB /* SettingsPanelExample-Info.plist */ = {isa = PBXFileReference; lastKnownFileType = text.plist.xml; path = "SettingsPanelExample-Info.plist"; sourceTree = "<group>"; };
		1D4D5F4C14540AEB0050F7BB /* en */ = {isa = PBXFileReference; lastKnownFileType = text.plist.strings; name = en; path = en.lproj/InfoPlist.strings; sourceTree = "<group>"; };
		1D4D5F4E14540AEB0050F7BB /* main.m */ = {isa = PBXFileReference; lastKnownFileType = sourcecode.c.objc; path = main.m; sourceTree = "<group>"; };
		1D4D5F5014540AEB0050F7BB /* SettingsPanelExample-Prefix.pch */ = {isa = PBXFileReference; lastKnownFileType = sourcecode.c.h; path = "SettingsPanelExample-Prefix.pch"; sourceTree = "<group>"; };
		1D4D5F5114540AEB0050F7BB /* EMAppDelegate.h */ = {isa = PBXFileReference; lastKnownFileType = sourcecode.c.h; path = EMAppDelegate.h; sourceTree = "<group>"; };
		1D4D5F5214540AEB0050F7BB /* EMAppDelegate.m */ = {isa = PBXFileReference; lastKnownFileType = sourcecode.c.objc; path = EMAppDelegate.m; sourceTree = "<group>"; };
		1D4D5F6114540BD20050F7BB /* Settings.bundle */ = {isa = PBXFileReference; lastKnownFileType = "wrapper.plug-in"; path = Settings.bundle; sourceTree = "<group>"; };
		1D4D5F6314540D290050F7BB /* MainViewController.h */ = {isa = PBXFileReference; fileEncoding = 4; lastKnownFileType = sourcecode.c.h; path = MainViewController.h; sourceTree = "<group>"; };
		1D4D5F6414540D290050F7BB /* MainViewController.m */ = {isa = PBXFileReference; fileEncoding = 4; lastKnownFileType = sourcecode.c.objc; path = MainViewController.m; sourceTree = "<group>"; };
/* End PBXFileReference section */

/* Begin PBXFrameworksBuildPhase section */
		1D4D5F3B14540AEB0050F7BB /* Frameworks */ = {
			isa = PBXFrameworksBuildPhase;
			buildActionMask = 2147483647;
			files = (
				1D4D5F4314540AEB0050F7BB /* UIKit.framework in Frameworks */,
				1D4D5F4514540AEB0050F7BB /* Foundation.framework in Frameworks */,
				1D4D5F4714540AEB0050F7BB /* CoreGraphics.framework in Frameworks */,
			);
			runOnlyForDeploymentPostprocessing = 0;
		};
/* End PBXFrameworksBuildPhase section */

/* Begin PBXGroup section */
		1D4D5F3314540AEB0050F7BB = {
			isa = PBXGroup;
			children = (
				1D4D5F4814540AEB0050F7BB /* SettingsPanelExample */,
				1D4D5F4114540AEB0050F7BB /* Frameworks */,
				1D4D5F3F14540AEB0050F7BB /* Products */,
			);
			sourceTree = "<group>";
		};
		1D4D5F3F14540AEB0050F7BB /* Products */ = {
			isa = PBXGroup;
			children = (
				1D4D5F3E14540AEB0050F7BB /* SettingsPanelExample.app */,
			);
			name = Products;
			sourceTree = "<group>";
		};
		1D4D5F4114540AEB0050F7BB /* Frameworks */ = {
			isa = PBXGroup;
			children = (
				1D4D5F4214540AEB0050F7BB /* UIKit.framework */,
				1D4D5F4414540AEB0050F7BB /* Foundation.framework */,
				1D4D5F4614540AEB0050F7BB /* CoreGraphics.framework */,
			);
			name = Frameworks;
			sourceTree = "<group>";
		};
		1D4D5F4814540AEB0050F7BB /* SettingsPanelExample */ = {
			isa = PBXGroup;
			children = (
				1D4D5F6114540BD20050F7BB /* Settings.bundle */,
				1D4D5F5114540AEB0050F7BB /* EMAppDelegate.h */,
				1D4D5F5214540AEB0050F7BB /* EMAppDelegate.m */,
				1D4D5F6314540D290050F7BB /* MainViewController.h */,
				1D4D5F6414540D290050F7BB /* MainViewController.m */,
				1D4D5F4914540AEB0050F7BB /* Supporting Files */,
			);
			path = SettingsPanelExample;
			sourceTree = "<group>";
		};
		1D4D5F4914540AEB0050F7BB /* Supporting Files */ = {
			isa = PBXGroup;
			children = (
				1D4D5F4A14540AEB0050F7BB /* SettingsPanelExample-Info.plist */,
				1D4D5F4B14540AEB0050F7BB /* InfoPlist.strings */,
				1D4D5F4E14540AEB0050F7BB /* main.m */,
				1D4D5F5014540AEB0050F7BB /* SettingsPanelExample-Prefix.pch */,
			);
			name = "Supporting Files";
			sourceTree = "<group>";
		};
/* End PBXGroup section */

/* Begin PBXNativeTarget section */
		1D4D5F3D14540AEB0050F7BB /* SettingsPanelExample */ = {
			isa = PBXNativeTarget;
			buildConfigurationList = 1D4D5F5614540AEB0050F7BB /* Build configuration list for PBXNativeTarget "SettingsPanelExample" */;
			buildPhases = (
				1D4D5F3A14540AEB0050F7BB /* Sources */,
				1D4D5F3B14540AEB0050F7BB /* Frameworks */,
				1D4D5F3C14540AEB0050F7BB /* Resources */,
			);
			buildRules = (
			);
			dependencies = (
			);
			name = SettingsPanelExample;
			productName = SettingsPanelExample;
			productReference = 1D4D5F3E14540AEB0050F7BB /* SettingsPanelExample.app */;
			productType = "com.apple.product-type.application";
		};
/* End PBXNativeTarget section */

/* Begin PBXProject section */
		1D4D5F3514540AEB0050F7BB /* Project object */ = {
			isa = PBXProject;
			attributes = {
				LastUpgradeCheck = 0420;
			};
			buildConfigurationList = 1D4D5F3814540AEB0050F7BB /* Build configuration list for PBXProject "SettingsPanelExample" */;
			compatibilityVersion = "Xcode 3.2";
			developmentRegion = English;
			hasScannedForEncodings = 0;
			knownRegions = (
				en,
			);
			mainGroup = 1D4D5F3314540AEB0050F7BB;
			productRefGroup = 1D4D5F3F14540AEB0050F7BB /* Products */;
			projectDirPath = "";
			projectRoot = "";
			targets = (
				1D4D5F3D14540AEB0050F7BB /* SettingsPanelExample */,
			);
		};
/* End PBXProject section */

/* Begin PBXResourcesBuildPhase section */
		1D4D5F3C14540AEB0050F7BB /* Resources */ = {
			isa = PBXResourcesBuildPhase;
			buildActionMask = 2147483647;
			files = (
				1D4D5F4D14540AEB0050F7BB /* InfoPlist.strings in Resources */,
				1D4D5F6214540BD20050F7BB /* Settings.bundle in Resources */,
			);
			runOnlyForDeploymentPostprocessing = 0;
		};
/* End PBXResourcesBuildPhase section */

/* Begin PBXSourcesBuildPhase section */
		1D4D5F3A14540AEB0050F7BB /* Sources */ = {
			isa = PBXSourcesBuildPhase;
			buildActionMask = 2147483647;
			files = (
				1D4D5F4F14540AEB0050F7BB /* main.m in Sources */,
				1D4D5F5314540AEB0050F7BB /* EMAppDelegate.m in Sources */,
				1D4D5F6514540D2A0050F7BB /* MainViewController.m in Sources */,
			);
			runOnlyForDeploymentPostprocessing = 0;
		};
/* End PBXSourcesBuildPhase section */

/* Begin PBXVariantGroup section */
		1D4D5F4B14540AEB0050F7BB /* InfoPlist.strings */ = {
			isa = PBXVariantGroup;
			children = (
				1D4D5F4C14540AEB0050F7BB /* en */,
			);
			name = InfoPlist.strings;
			sourceTree = "<group>";
		};
/* End PBXVariantGroup section */

/* Begin XCBuildConfiguration section */
		1D4D5F5414540AEB0050F7BB /* Debug */ = {
			isa = XCBuildConfiguration;
			buildSettings = {
				ALWAYS_SEARCH_USER_PATHS = NO;
				ARCHS = "$(ARCHS_STANDARD_32_BIT)";
				CLANG_ENABLE_OBJC_ARC = YES;
				"CODE_SIGN_IDENTITY[sdk=iphoneos*]" = "iPhone Developer";
				COPY_PHASE_STRIP = NO;
				GCC_C_LANGUAGE_STANDARD = gnu99;
				GCC_DYNAMIC_NO_PIC = NO;
				GCC_OPTIMIZATION_LEVEL = 0;
				GCC_PREPROCESSOR_DEFINITIONS = (
					"DEBUG=1",
					"$(inherited)",
				);
				GCC_SYMBOLS_PRIVATE_EXTERN = NO;
				GCC_VERSION = com.apple.compilers.llvm.clang.1_0;
				GCC_WARN_ABOUT_MISSING_PROTOTYPES = YES;
				GCC_WARN_ABOUT_RETURN_TYPE = YES;
				GCC_WARN_UNUSED_VARIABLE = YES;
				IPHONEOS_DEPLOYMENT_TARGET = 5.0;
				SDKROOT = iphoneos;
			};
			name = Debug;
		};
		1D4D5F5514540AEB0050F7BB /* Release */ = {
			isa = XCBuildConfiguration;
			buildSettings = {
				ALWAYS_SEARCH_USER_PATHS = NO;
				ARCHS = "$(ARCHS_STANDARD_32_BIT)";
				CLANG_ENABLE_OBJC_ARC = YES;
				"CODE_SIGN_IDENTITY[sdk=iphoneos*]" = "iPhone Developer";
				COPY_PHASE_STRIP = YES;
				GCC_C_LANGUAGE_STANDARD = gnu99;
				GCC_VERSION = com.apple.compilers.llvm.clang.1_0;
				GCC_WARN_ABOUT_MISSING_PROTOTYPES = YES;
				GCC_WARN_ABOUT_RETURN_TYPE = YES;
				GCC_WARN_UNUSED_VARIABLE = YES;
				IPHONEOS_DEPLOYMENT_TARGET = 5.0;
				OTHER_CFLAGS = "-DNS_BLOCK_ASSERTIONS=1";
				SDKROOT = iphoneos;
				VALIDATE_PRODUCT = YES;
			};
			name = Release;
		};
		1D4D5F5714540AEB0050F7BB /* Debug */ = {
			isa = XCBuildConfiguration;
			buildSettings = {
				GCC_PRECOMPILE_PREFIX_HEADER = YES;
				GCC_PREFIX_HEADER = "SettingsPanelExample/SettingsPanelExample-Prefix.pch";
				INFOPLIST_FILE = "SettingsPanelExample/SettingsPanelExample-Info.plist";
				PRODUCT_NAME = "$(TARGET_NAME)";
				WRAPPER_EXTENSION = app;
			};
			name = Debug;
		};
		1D4D5F5814540AEB0050F7BB /* Release */ = {
			isa = XCBuildConfiguration;
			buildSettings = {
				GCC_PRECOMPILE_PREFIX_HEADER = YES;
				GCC_PREFIX_HEADER = "SettingsPanelExample/SettingsPanelExample-Prefix.pch";
				INFOPLIST_FILE = "SettingsPanelExample/SettingsPanelExample-Info.plist";
				PRODUCT_NAME = "$(TARGET_NAME)";
				WRAPPER_EXTENSION = app;
			};
			name = Release;
		};
/* End XCBuildConfiguration section */

/* Begin XCConfigurationList section */
		1D4D5F3814540AEB0050F7BB /* Build configuration list for PBXProject "SettingsPanelExample" */ = {
			isa = XCConfigurationList;
			buildConfigurations = (
				1D4D5F5414540AEB0050F7BB /* Debug */,
				1D4D5F5514540AEB0050F7BB /* Release */,
			);
			defaultConfigurationIsVisible = 0;
			defaultConfigurationName = Release;
		};
		1D4D5F5614540AEB0050F7BB /* Build configuration list for PBXNativeTarget "SettingsPanelExample" */ = {
			isa = XCConfigurationList;
			buildConfigurations = (
				1D4D5F5714540AEB0050F7BB /* Debug */,
				1D4D5F5814540AEB0050F7BB /* Release */,
			);
			defaultConfigurationIsVisible = 0;
			defaultConfigurationName = Release;
		};
/* End XCConfigurationList section */
	};
	rootObject = 1D4D5F3514540AEB0050F7BB /* Project object */;
}
