// !$*UTF8*$!
{
	archiveVersion = 1;
	classes = {
	};
	objectVersion = 46;
	objects = {

/* Begin PBXBuildFile section */
		1D9BADA216426F8D000874F6 /* Default-568h@2x.png in Resources */ = {isa = PBXBuildFile; fileRef = 1D9BADA116426F8D000874F6 /* Default-568h@2x.png */; };
		1DBD45C414D3D36B007CDEBE /* UIKit.framework in Frameworks */ = {isa = PBXBuildFile; fileRef = 1DBD45C314D3D36B007CDEBE /* UIKit.framework */; };
		1DBD45C614D3D36B007CDEBE /* Foundation.framework in Frameworks */ = {isa = PBXBuildFile; fileRef = 1DBD45C514D3D36B007CDEBE /* Foundation.framework */; };
		1DBD45C814D3D36B007CDEBE /* CoreGraphics.framework in Frameworks */ = {isa = PBXBuildFile; fileRef = 1DBD45C714D3D36B007CDEBE /* CoreGraphics.framework */; };
		1DBD45CE14D3D36B007CDEBE /* InfoPlist.strings in Resources */ = {isa = PBXBuildFile; fileRef = 1DBD45CC14D3D36B007CDEBE /* InfoPlist.strings */; };
		1DBD45D014D3D36B007CDEBE /* main.m in Sources */ = {isa = PBXBuildFile; fileRef = 1DBD45CF14D3D36B007CDEBE /* main.m */; };
		1DBD45D414D3D36B007CDEBE /* EMAppDelegate.m in Sources */ = {isa = PBXBuildFile; fileRef = 1DBD45D314D3D36B007CDEBE /* EMAppDelegate.m */; };
		1DBD45DC14D3D396007CDEBE /* RootViewController.m in Sources */ = {isa = PBXBuildFile; fileRef = 1DBD45DB14D3D396007CDEBE /* RootViewController.m */; };
/* End PBXBuildFile section */

/* Begin PBXFileReference section */
		1D9BADA116426F8D000874F6 /* Default-568h@2x.png */ = {isa = PBXFileReference; lastKnownFileType = image.png; path = "Default-568h@2x.png"; sourceTree = "<group>"; };
		1DBD45BF14D3D36B007CDEBE /* DownloadedImageExample.app */ = {isa = PBXFileReference; explicitFileType = wrapper.application; includeInIndex = 0; path = DownloadedImageExample.app; sourceTree = BUILT_PRODUCTS_DIR; };
		1DBD45C314D3D36B007CDEBE /* UIKit.framework */ = {isa = PBXFileReference; lastKnownFileType = wrapper.framework; name = UIKit.framework; path = System/Library/Frameworks/UIKit.framework; sourceTree = SDKROOT; };
		1DBD45C514D3D36B007CDEBE /* Foundation.framework */ = {isa = PBXFileReference; lastKnownFileType = wrapper.framework; name = Foundation.framework; path = System/Library/Frameworks/Foundation.framework; sourceTree = SDKROOT; };
		1DBD45C714D3D36B007CDEBE /* CoreGraphics.framework */ = {isa = PBXFileReference; lastKnownFileType = wrapper.framework; name = CoreGraphics.framework; path = System/Library/Frameworks/CoreGraphics.framework; sourceTree = SDKROOT; };
		1DBD45CB14D3D36B007CDEBE /* DownloadedImageExample-Info.plist */ = {isa = PBXFileReference; lastKnownFileType = text.plist.xml; path = "DownloadedImageExample-Info.plist"; sourceTree = "<group>"; };
		1DBD45CD14D3D36B007CDEBE /* en */ = {isa = PBXFileReference; lastKnownFileType = text.plist.strings; name = en; path = en.lproj/InfoPlist.strings; sourceTree = "<group>"; };
		1DBD45CF14D3D36B007CDEBE /* main.m */ = {isa = PBXFileReference; lastKnownFileType = sourcecode.c.objc; path = main.m; sourceTree = "<group>"; };
		1DBD45D114D3D36B007CDEBE /* DownloadedImageExample-Prefix.pch */ = {isa = PBXFileReference; lastKnownFileType = sourcecode.c.h; path = "DownloadedImageExample-Prefix.pch"; sourceTree = "<group>"; };
		1DBD45D214D3D36B007CDEBE /* EMAppDelegate.h */ = {isa = PBXFileReference; lastKnownFileType = sourcecode.c.h; path = EMAppDelegate.h; sourceTree = "<group>"; };
		1DBD45D314D3D36B007CDEBE /* EMAppDelegate.m */ = {isa = PBXFileReference; lastKnownFileType = sourcecode.c.objc; path = EMAppDelegate.m; sourceTree = "<group>"; };
		1DBD45DA14D3D396007CDEBE /* RootViewController.h */ = {isa = PBXFileReference; fileEncoding = 4; lastKnownFileType = sourcecode.c.h; path = RootViewController.h; sourceTree = "<group>"; };
		1DBD45DB14D3D396007CDEBE /* RootViewController.m */ = {isa = PBXFileReference; fileEncoding = 4; lastKnownFileType = sourcecode.c.objc; path = RootViewController.m; sourceTree = "<group>"; };
/* End PBXFileReference section */

/* Begin PBXFrameworksBuildPhase section */
		1DBD45BC14D3D36A007CDEBE /* Frameworks */ = {
			isa = PBXFrameworksBuildPhase;
			buildActionMask = 2147483647;
			files = (
				1DBD45C414D3D36B007CDEBE /* UIKit.framework in Frameworks */,
				1DBD45C614D3D36B007CDEBE /* Foundation.framework in Frameworks */,
				1DBD45C814D3D36B007CDEBE /* CoreGraphics.framework in Frameworks */,
			);
			runOnlyForDeploymentPostprocessing = 0;
		};
/* End PBXFrameworksBuildPhase section */

/* Begin PBXGroup section */
		1DBD45B414D3D36A007CDEBE = {
			isa = PBXGroup;
			children = (
				1D9BADA116426F8D000874F6 /* Default-568h@2x.png */,
				1DBD45C914D3D36B007CDEBE /* DownloadedImageExample */,
				1DBD45C214D3D36B007CDEBE /* Frameworks */,
				1DBD45C014D3D36B007CDEBE /* Products */,
			);
			sourceTree = "<group>";
		};
		1DBD45C014D3D36B007CDEBE /* Products */ = {
			isa = PBXGroup;
			children = (
				1DBD45BF14D3D36B007CDEBE /* DownloadedImageExample.app */,
			);
			name = Products;
			sourceTree = "<group>";
		};
		1DBD45C214D3D36B007CDEBE /* Frameworks */ = {
			isa = PBXGroup;
			children = (
				1DBD45C314D3D36B007CDEBE /* UIKit.framework */,
				1DBD45C514D3D36B007CDEBE /* Foundation.framework */,
				1DBD45C714D3D36B007CDEBE /* CoreGraphics.framework */,
			);
			name = Frameworks;
			sourceTree = "<group>";
		};
		1DBD45C914D3D36B007CDEBE /* DownloadedImageExample */ = {
			isa = PBXGroup;
			children = (
				1DBD45D214D3D36B007CDEBE /* EMAppDelegate.h */,
				1DBD45D314D3D36B007CDEBE /* EMAppDelegate.m */,
				1DBD45DA14D3D396007CDEBE /* RootViewController.h */,
				1DBD45DB14D3D396007CDEBE /* RootViewController.m */,
				1DBD45CA14D3D36B007CDEBE /* Supporting Files */,
			);
			path = DownloadedImageExample;
			sourceTree = "<group>";
		};
		1DBD45CA14D3D36B007CDEBE /* Supporting Files */ = {
			isa = PBXGroup;
			children = (
				1DBD45CB14D3D36B007CDEBE /* DownloadedImageExample-Info.plist */,
				1DBD45CC14D3D36B007CDEBE /* InfoPlist.strings */,
				1DBD45CF14D3D36B007CDEBE /* main.m */,
				1DBD45D114D3D36B007CDEBE /* DownloadedImageExample-Prefix.pch */,
			);
			name = "Supporting Files";
			sourceTree = "<group>";
		};
/* End PBXGroup section */

/* Begin PBXNativeTarget section */
		1DBD45BE14D3D36A007CDEBE /* DownloadedImageExample */ = {
			isa = PBXNativeTarget;
			buildConfigurationList = 1DBD45D714D3D36B007CDEBE /* Build configuration list for PBXNativeTarget "DownloadedImageExample" */;
			buildPhases = (
				1DBD45BB14D3D36A007CDEBE /* Sources */,
				1DBD45BC14D3D36A007CDEBE /* Frameworks */,
				1DBD45BD14D3D36A007CDEBE /* Resources */,
			);
			buildRules = (
			);
			dependencies = (
			);
			name = DownloadedImageExample;
			productName = DownloadedImageExample;
			productReference = 1DBD45BF14D3D36B007CDEBE /* DownloadedImageExample.app */;
			productType = "com.apple.product-type.application";
		};
/* End PBXNativeTarget section */

/* Begin PBXProject section */
		1DBD45B614D3D36A007CDEBE /* Project object */ = {
			isa = PBXProject;
			attributes = {
				LastUpgradeCheck = 0450;
			};
			buildConfigurationList = 1DBD45B914D3D36A007CDEBE /* Build configuration list for PBXProject "DownloadedImageExample" */;
			compatibilityVersion = "Xcode 3.2";
			developmentRegion = English;
			hasScannedForEncodings = 0;
			knownRegions = (
				en,
			);
			mainGroup = 1DBD45B414D3D36A007CDEBE;
			productRefGroup = 1DBD45C014D3D36B007CDEBE /* Products */;
			projectDirPath = "";
			projectRoot = "";
			targets = (
				1DBD45BE14D3D36A007CDEBE /* DownloadedImageExample */,
			);
		};
/* End PBXProject section */

/* Begin PBXResourcesBuildPhase section */
		1DBD45BD14D3D36A007CDEBE /* Resources */ = {
			isa = PBXResourcesBuildPhase;
			buildActionMask = 2147483647;
			files = (
				1DBD45CE14D3D36B007CDEBE /* InfoPlist.strings in Resources */,
				1D9BADA216426F8D000874F6 /* Default-568h@2x.png in Resources */,
			);
			runOnlyForDeploymentPostprocessing = 0;
		};
/* End PBXResourcesBuildPhase section */

/* Begin PBXSourcesBuildPhase section */
		1DBD45BB14D3D36A007CDEBE /* Sources */ = {
			isa = PBXSourcesBuildPhase;
			buildActionMask = 2147483647;
			files = (
				1DBD45D014D3D36B007CDEBE /* main.m in Sources */,
				1DBD45D414D3D36B007CDEBE /* EMAppDelegate.m in Sources */,
				1DBD45DC14D3D396007CDEBE /* RootViewController.m in Sources */,
			);
			runOnlyForDeploymentPostprocessing = 0;
		};
/* End PBXSourcesBuildPhase section */

/* Begin PBXVariantGroup section */
		1DBD45CC14D3D36B007CDEBE /* InfoPlist.strings */ = {
			isa = PBXVariantGroup;
			children = (
				1DBD45CD14D3D36B007CDEBE /* en */,
			);
			name = InfoPlist.strings;
			sourceTree = "<group>";
		};
/* End PBXVariantGroup section */

/* Begin XCBuildConfiguration section */
		1DBD45D514D3D36B007CDEBE /* Debug */ = {
			isa = XCBuildConfiguration;
			buildSettings = {
				ALWAYS_SEARCH_USER_PATHS = NO;
				ARCHS = "$(ARCHS_STANDARD_32_BIT)";
				CLANG_ENABLE_OBJC_ARC = YES;
				"CODE_SIGN_IDENTITY[sdk=iphoneos*]" = "iPhone Developer";
				COPY_PHASE_STRIP = NO;
				GCC_C_LANGUAGE_STANDARD = gnu99;
				GCC_DYNAMIC_NO_PIC = NO;
				GCC_OPTIMIZATION_LEVEL = 0;
				GCC_PREPROCESSOR_DEFINITIONS = (
					"DEBUG=1",
					"$(inherited)",
				);
				GCC_SYMBOLS_PRIVATE_EXTERN = NO;
				GCC_VERSION = com.apple.compilers.llvm.clang.1_0;
				GCC_WARN_ABOUT_MISSING_PROTOTYPES = YES;
				GCC_WARN_ABOUT_RETURN_TYPE = YES;
				GCC_WARN_UNUSED_VARIABLE = YES;
				IPHONEOS_DEPLOYMENT_TARGET = 5.0;
				SDKROOT = iphoneos;
			};
			name = Debug;
		};
		1DBD45D614D3D36B007CDEBE /* Release */ = {
			isa = XCBuildConfiguration;
			buildSettings = {
				ALWAYS_SEARCH_USER_PATHS = NO;
				ARCHS = "$(ARCHS_STANDARD_32_BIT)";
				CLANG_ENABLE_OBJC_ARC = YES;
				"CODE_SIGN_IDENTITY[sdk=iphoneos*]" = "iPhone Developer";
				COPY_PHASE_STRIP = YES;
				GCC_C_LANGUAGE_STANDARD = gnu99;
				GCC_VERSION = com.apple.compilers.llvm.clang.1_0;
				GCC_WARN_ABOUT_MISSING_PROTOTYPES = YES;
				GCC_WARN_ABOUT_RETURN_TYPE = YES;
				GCC_WARN_UNUSED_VARIABLE = YES;
				IPHONEOS_DEPLOYMENT_TARGET = 5.0;
				OTHER_CFLAGS = "-DNS_BLOCK_ASSERTIONS=1";
				SDKROOT = iphoneos;
				VALIDATE_PRODUCT = YES;
			};
			name = Release;
		};
		1DBD45D814D3D36B007CDEBE /* Debug */ = {
			isa = XCBuildConfiguration;
			buildSettings = {
				GCC_PRECOMPILE_PREFIX_HEADER = YES;
				GCC_PREFIX_HEADER = "DownloadedImageExample/DownloadedImageExample-Prefix.pch";
				INFOPLIST_FILE = "DownloadedImageExample/DownloadedImageExample-Info.plist";
				PRODUCT_NAME = "$(TARGET_NAME)";
				WRAPPER_EXTENSION = app;
			};
			name = Debug;
		};
		1DBD45D914D3D36B007CDEBE /* Release */ = {
			isa = XCBuildConfiguration;
			buildSettings = {
				GCC_PRECOMPILE_PREFIX_HEADER = YES;
				GCC_PREFIX_HEADER = "DownloadedImageExample/DownloadedImageExample-Prefix.pch";
				INFOPLIST_FILE = "DownloadedImageExample/DownloadedImageExample-Info.plist";
				PRODUCT_NAME = "$(TARGET_NAME)";
				WRAPPER_EXTENSION = app;
			};
			name = Release;
		};
/* End XCBuildConfiguration section */

/* Begin XCConfigurationList section */
		1DBD45B914D3D36A007CDEBE /* Build configuration list for PBXProject "DownloadedImageExample" */ = {
			isa = XCConfigurationList;
			buildConfigurations = (
				1DBD45D514D3D36B007CDEBE /* Debug */,
				1DBD45D614D3D36B007CDEBE /* Release */,
			);
			defaultConfigurationIsVisible = 0;
			defaultConfigurationName = Release;
		};
		1DBD45D714D3D36B007CDEBE /* Build configuration list for PBXNativeTarget "DownloadedImageExample" */ = {
			isa = XCConfigurationList;
			buildConfigurations = (
				1DBD45D814D3D36B007CDEBE /* Debug */,
				1DBD45D914D3D36B007CDEBE /* Release */,
			);
			defaultConfigurationIsVisible = 0;
			defaultConfigurationName = Release;
		};
/* End XCConfigurationList section */
	};
	rootObject = 1DBD45B614D3D36A007CDEBE /* Project object */;
}
