// !$*UTF8*$!
{
	archiveVersion = 1;
	classes = {
	};
	objectVersion = 46;
	objects = {

/* Begin PBXBuildFile section */
		1A198F931351BDD0009D0904 /* UIKit.framework in Frameworks */ = {isa = PBXBuildFile; fileRef = 1A198F921351BDD0009D0904 /* UIKit.framework */; };
		1A198F951351BDD0009D0904 /* Foundation.framework in Frameworks */ = {isa = PBXBuildFile; fileRef = 1A198F941351BDD0009D0904 /* Foundation.framework */; };
		1A198F971351BDD0009D0904 /* CoreGraphics.framework in Frameworks */ = {isa = PBXBuildFile; fileRef = 1A198F961351BDD0009D0904 /* CoreGraphics.framework */; };
		1A198F9D1351BDD0009D0904 /* InfoPlist.strings in Resources */ = {isa = PBXBuildFile; fileRef = 1A198F9B1351BDD0009D0904 /* InfoPlist.strings */; };
		1A198FA01351BDD0009D0904 /* main.m in Sources */ = {isa = PBXBuildFile; fileRef = 1A198F9F1351BDD0009D0904 /* main.m */; };
		1A198FA61351BDD0009D0904 /* MainWindow.xib in Resources */ = {isa = PBXBuildFile; fileRef = 1A198FA41351BDD0009D0904 /* MainWindow.xib */; };
		1A198FC21351C75E009D0904 /* Localizable.strings in Resources */ = {isa = PBXBuildFile; fileRef = 1A198FC41351C75E009D0904 /* Localizable.strings */; };
		1D1C3FE31454AD61003E9FED /* TestLocalizationAppDelegate.m in Sources */ = {isa = PBXBuildFile; fileRef = 1D1C3FE51454AD61003E9FED /* TestLocalizationAppDelegate.m */; };
		1D1E425C154DA8C70044460D /* Screen Shot 2011-09-30 at 4.57.33 PM.png in Resources */ = {isa = PBXBuildFile; fileRef = 1D1E425E154DA8C70044460D /* Screen Shot 2011-09-30 at 4.57.33 PM.png */; };
/* End PBXBuildFile section */

/* Begin PBXFileReference section */
		1A198F8E1351BDCF009D0904 /* TestLocalization.app */ = {isa = PBXFileReference; explicitFileType = wrapper.application; includeInIndex = 0; path = TestLocalization.app; sourceTree = BUILT_PRODUCTS_DIR; };
		1A198F921351BDD0009D0904 /* UIKit.framework */ = {isa = PBXFileReference; lastKnownFileType = wrapper.framework; name = UIKit.framework; path = System/Library/Frameworks/UIKit.framework; sourceTree = SDKROOT; };
		1A198F941351BDD0009D0904 /* Foundation.framework */ = {isa = PBXFileReference; lastKnownFileType = wrapper.framework; name = Foundation.framework; path = System/Library/Frameworks/Foundation.framework; sourceTree = SDKROOT; };
		1A198F961351BDD0009D0904 /* CoreGraphics.framework */ = {isa = PBXFileReference; lastKnownFileType = wrapper.framework; name = CoreGraphics.framework; path = System/Library/Frameworks/CoreGraphics.framework; sourceTree = SDKROOT; };
		1A198F9A1351BDD0009D0904 /* TestLocalization-Info.plist */ = {isa = PBXFileReference; lastKnownFileType = text.plist.xml; path = "TestLocalization-Info.plist"; sourceTree = "<group>"; };
		1A198F9C1351BDD0009D0904 /* en */ = {isa = PBXFileReference; lastKnownFileType = text.plist.strings; name = en; path = en.lproj/InfoPlist.strings; sourceTree = "<group>"; };
		1A198F9E1351BDD0009D0904 /* TestLocalization-Prefix.pch */ = {isa = PBXFileReference; lastKnownFileType = sourcecode.c.h; path = "TestLocalization-Prefix.pch"; sourceTree = "<group>"; };
		1A198F9F1351BDD0009D0904 /* main.m */ = {isa = PBXFileReference; lastKnownFileType = sourcecode.c.objc; path = main.m; sourceTree = "<group>"; };
		1A198FA11351BDD0009D0904 /* TestLocalizationAppDelegate.h */ = {isa = PBXFileReference; lastKnownFileType = sourcecode.c.h; path = TestLocalizationAppDelegate.h; sourceTree = "<group>"; };
		1A198FA51351BDD0009D0904 /* en */ = {isa = PBXFileReference; lastKnownFileType = file.xib; name = en; path = en.lproj/MainWindow.xib; sourceTree = "<group>"; };
		1A198FC31351C75E009D0904 /* en */ = {isa = PBXFileReference; lastKnownFileType = text.plist.strings; name = en; path = en.lproj/Localizable.strings; sourceTree = "<group>"; };
		1D1409741565378D000E8EEA /* es */ = {isa = PBXFileReference; lastKnownFileType = text.plist.strings; name = es; path = es.lproj/Localizable.strings; sourceTree = "<group>"; };
		1D140975156537AB000E8EEA /* es */ = {isa = PBXFileReference; lastKnownFileType = image.png; name = es; path = "es.lproj/Screen Shot 2011-09-30 at 4.57.33 PM.png"; sourceTree = "<group>"; };
		1D1C3FE21454AD1C003E9FED /* fr */ = {isa = PBXFileReference; lastKnownFileType = text.plist.strings; name = fr; path = fr.lproj/Localizable.strings; sourceTree = "<group>"; };
		1D1C3FE41454AD61003E9FED /* en */ = {isa = PBXFileReference; lastKnownFileType = sourcecode.c.objc; name = en; path = en.lproj/TestLocalizationAppDelegate.m; sourceTree = "<group>"; };
		1D1E425D154DA8C70044460D /* en */ = {isa = PBXFileReference; lastKnownFileType = image.png; name = en; path = "en.lproj/Screen Shot 2011-09-30 at 4.57.33 PM.png"; sourceTree = "<group>"; };
		1D1E425F154DA8E60044460D /* fr */ = {isa = PBXFileReference; lastKnownFileType = image.png; name = fr; path = "fr.lproj/Screen Shot 2011-09-30 at 4.57.33 PM.png"; sourceTree = "<group>"; };
		1D3D7D96164D206600AD9BCD /* fr */ = {isa = PBXFileReference; lastKnownFileType = text.plist.strings; name = fr; path = fr.lproj/InfoPlist.strings; sourceTree = "<group>"; };
/* End PBXFileReference section */

/* Begin PBXFrameworksBuildPhase section */
		1A198F8B1351BDCF009D0904 /* Frameworks */ = {
			isa = PBXFrameworksBuildPhase;
			buildActionMask = 2147483647;
			files = (
				1A198F931351BDD0009D0904 /* UIKit.framework in Frameworks */,
				1A198F951351BDD0009D0904 /* Foundation.framework in Frameworks */,
				1A198F971351BDD0009D0904 /* CoreGraphics.framework in Frameworks */,
			);
			runOnlyForDeploymentPostprocessing = 0;
		};
/* End PBXFrameworksBuildPhase section */

/* Begin PBXGroup section */
		1A198F831351BDCF009D0904 = {
			isa = PBXGroup;
			children = (
				1D1E425E154DA8C70044460D /* Screen Shot 2011-09-30 at 4.57.33 PM.png */,
				1A198F981351BDD0009D0904 /* TestLocalization */,
				1A198F911351BDD0009D0904 /* Frameworks */,
				1A198F8F1351BDCF009D0904 /* Products */,
			);
			sourceTree = "<group>";
		};
		1A198F8F1351BDCF009D0904 /* Products */ = {
			isa = PBXGroup;
			children = (
				1A198F8E1351BDCF009D0904 /* TestLocalization.app */,
			);
			name = Products;
			sourceTree = "<group>";
		};
		1A198F911351BDD0009D0904 /* Frameworks */ = {
			isa = PBXGroup;
			children = (
				1A198F921351BDD0009D0904 /* UIKit.framework */,
				1A198F941351BDD0009D0904 /* Foundation.framework */,
				1A198F961351BDD0009D0904 /* CoreGraphics.framework */,
			);
			name = Frameworks;
			sourceTree = "<group>";
		};
		1A198F981351BDD0009D0904 /* TestLocalization */ = {
			isa = PBXGroup;
			children = (
				1A198FC41351C75E009D0904 /* Localizable.strings */,
				1A198FA11351BDD0009D0904 /* TestLocalizationAppDelegate.h */,
				1D1C3FE51454AD61003E9FED /* TestLocalizationAppDelegate.m */,
				1A198FA41351BDD0009D0904 /* MainWindow.xib */,
				1A198F991351BDD0009D0904 /* Supporting Files */,
			);
			path = TestLocalization;
			sourceTree = "<group>";
		};
		1A198F991351BDD0009D0904 /* Supporting Files */ = {
			isa = PBXGroup;
			children = (
				1A198F9A1351BDD0009D0904 /* TestLocalization-Info.plist */,
				1A198F9B1351BDD0009D0904 /* InfoPlist.strings */,
				1A198F9E1351BDD0009D0904 /* TestLocalization-Prefix.pch */,
				1A198F9F1351BDD0009D0904 /* main.m */,
			);
			name = "Supporting Files";
			sourceTree = "<group>";
		};
/* End PBXGroup section */

/* Begin PBXNativeTarget section */
		1A198F8D1351BDCF009D0904 /* TestLocalization */ = {
			isa = PBXNativeTarget;
			buildConfigurationList = 1A198FA91351BDD0009D0904 /* Build configuration list for PBXNativeTarget "TestLocalization" */;
			buildPhases = (
				1A198F8A1351BDCF009D0904 /* Sources */,
				1A198F8B1351BDCF009D0904 /* Frameworks */,
				1A198F8C1351BDCF009D0904 /* Resources */,
			);
			buildRules = (
			);
			dependencies = (
			);
			name = TestLocalization;
			productName = TestLocalization;
			productReference = 1A198F8E1351BDCF009D0904 /* TestLocalization.app */;
			productType = "com.apple.product-type.application";
		};
/* End PBXNativeTarget section */

/* Begin PBXProject section */
		1A198F851351BDCF009D0904 /* Project object */ = {
			isa = PBXProject;
			attributes = {
				ORGANIZATIONNAME = "Echo Mobile Inc.";
			};
			buildConfigurationList = 1A198F881351BDCF009D0904 /* Build configuration list for PBXProject "TestLocalization" */;
			compatibilityVersion = "Xcode 3.2";
			developmentRegion = English;
			hasScannedForEncodings = 0;
			knownRegions = (
				en,
				fr,
				es,
			);
			mainGroup = 1A198F831351BDCF009D0904;
			productRefGroup = 1A198F8F1351BDCF009D0904 /* Products */;
			projectDirPath = "";
			projectRoot = "";
			targets = (
				1A198F8D1351BDCF009D0904 /* TestLocalization */,
			);
		};
/* End PBXProject section */

/* Begin PBXResourcesBuildPhase section */
		1A198F8C1351BDCF009D0904 /* Resources */ = {
			isa = PBXResourcesBuildPhase;
			buildActionMask = 2147483647;
			files = (
				1A198F9D1351BDD0009D0904 /* InfoPlist.strings in Resources */,
				1A198FA61351BDD0009D0904 /* MainWindow.xib in Resources */,
				1A198FC21351C75E009D0904 /* Localizable.strings in Resources */,
				1D1E425C154DA8C70044460D /* Screen Shot 2011-09-30 at 4.57.33 PM.png in Resources */,
			);
			runOnlyForDeploymentPostprocessing = 0;
		};
/* End PBXResourcesBuildPhase section */

/* Begin PBXSourcesBuildPhase section */
		1A198F8A1351BDCF009D0904 /* Sources */ = {
			isa = PBXSourcesBuildPhase;
			buildActionMask = 2147483647;
			files = (
				1A198FA01351BDD0009D0904 /* main.m in Sources */,
				1D1C3FE31454AD61003E9FED /* TestLocalizationAppDelegate.m in Sources */,
			);
			runOnlyForDeploymentPostprocessing = 0;
		};
/* End PBXSourcesBuildPhase section */

/* Begin PBXVariantGroup section */
		1A198F9B1351BDD0009D0904 /* InfoPlist.strings */ = {
			isa = PBXVariantGroup;
			children = (
				1A198F9C1351BDD0009D0904 /* en */,
				1D3D7D96164D206600AD9BCD /* fr */,
			);
			name = InfoPlist.strings;
			sourceTree = "<group>";
		};
		1A198FA41351BDD0009D0904 /* MainWindow.xib */ = {
			isa = PBXVariantGroup;
			children = (
				1A198FA51351BDD0009D0904 /* en */,
			);
			name = MainWindow.xib;
			sourceTree = "<group>";
		};
		1A198FC41351C75E009D0904 /* Localizable.strings */ = {
			isa = PBXVariantGroup;
			children = (
				1A198FC31351C75E009D0904 /* en */,
				1D1C3FE21454AD1C003E9FED /* fr */,
				1D1409741565378D000E8EEA /* es */,
			);
			name = Localizable.strings;
			sourceTree = "<group>";
		};
		1D1C3FE51454AD61003E9FED /* TestLocalizationAppDelegate.m */ = {
			isa = PBXVariantGroup;
			children = (
				1D1C3FE41454AD61003E9FED /* en */,
			);
			name = TestLocalizationAppDelegate.m;
			sourceTree = "<group>";
		};
		1D1E425E154DA8C70044460D /* Screen Shot 2011-09-30 at 4.57.33 PM.png */ = {
			isa = PBXVariantGroup;
			children = (
				1D1E425D154DA8C70044460D /* en */,
				1D1E425F154DA8E60044460D /* fr */,
				1D140975156537AB000E8EEA /* es */,
			);
			name = "Screen Shot 2011-09-30 at 4.57.33 PM.png";
			sourceTree = "<group>";
		};
/* End PBXVariantGroup section */

/* Begin XCBuildConfiguration section */
		1A198FA71351BDD0009D0904 /* Debug */ = {
			isa = XCBuildConfiguration;
			buildSettings = {
				ARCHS = "$(ARCHS_STANDARD_32_BIT)";
				"CODE_SIGN_IDENTITY[sdk=iphoneos*]" = "iPhone Developer";
				GCC_C_LANGUAGE_STANDARD = gnu99;
				GCC_OPTIMIZATION_LEVEL = 0;
				GCC_PREPROCESSOR_DEFINITIONS = DEBUG;
				GCC_SYMBOLS_PRIVATE_EXTERN = NO;
				GCC_VERSION = com.apple.compilers.llvmgcc42;
				GCC_WARN_ABOUT_RETURN_TYPE = YES;
				GCC_WARN_UNUSED_VARIABLE = YES;
				IPHONEOS_DEPLOYMENT_TARGET = 4.3;
				SDKROOT = iphoneos;
			};
			name = Debug;
		};
		1A198FA81351BDD0009D0904 /* Release */ = {
			isa = XCBuildConfiguration;
			buildSettings = {
				ARCHS = "$(ARCHS_STANDARD_32_BIT)";
				"CODE_SIGN_IDENTITY[sdk=iphoneos*]" = "iPhone Developer";
				GCC_C_LANGUAGE_STANDARD = gnu99;
				GCC_VERSION = com.apple.compilers.llvmgcc42;
				GCC_WARN_ABOUT_RETURN_TYPE = YES;
				GCC_WARN_UNUSED_VARIABLE = YES;
				IPHONEOS_DEPLOYMENT_TARGET = 4.3;
				OTHER_CFLAGS = "-DNS_BLOCK_ASSERTIONS=1";
				SDKROOT = iphoneos;
			};
			name = Release;
		};
		1A198FAA1351BDD0009D0904 /* Debug */ = {
			isa = XCBuildConfiguration;
			buildSettings = {
				ALWAYS_SEARCH_USER_PATHS = NO;
				COPY_PHASE_STRIP = NO;
				GCC_DYNAMIC_NO_PIC = NO;
				GCC_PRECOMPILE_PREFIX_HEADER = YES;
				GCC_PREFIX_HEADER = "TestLocalization/TestLocalization-Prefix.pch";
				INFOPLIST_FILE = "TestLocalization/TestLocalization-Info.plist";
				PRODUCT_NAME = "$(TARGET_NAME)";
				WRAPPER_EXTENSION = app;
			};
			name = Debug;
		};
		1A198FAB1351BDD0009D0904 /* Release */ = {
			isa = XCBuildConfiguration;
			buildSettings = {
				ALWAYS_SEARCH_USER_PATHS = NO;
				COPY_PHASE_STRIP = YES;
				GCC_PRECOMPILE_PREFIX_HEADER = YES;
				GCC_PREFIX_HEADER = "TestLocalization/TestLocalization-Prefix.pch";
				INFOPLIST_FILE = "TestLocalization/TestLocalization-Info.plist";
				PRODUCT_NAME = "$(TARGET_NAME)";
				VALIDATE_PRODUCT = YES;
				WRAPPER_EXTENSION = app;
			};
			name = Release;
		};
/* End XCBuildConfiguration section */

/* Begin XCConfigurationList section */
		1A198F881351BDCF009D0904 /* Build configuration list for PBXProject "TestLocalization" */ = {
			isa = XCConfigurationList;
			buildConfigurations = (
				1A198FA71351BDD0009D0904 /* Debug */,
				1A198FA81351BDD0009D0904 /* Release */,
			);
			defaultConfigurationIsVisible = 0;
			defaultConfigurationName = Release;
		};
		1A198FA91351BDD0009D0904 /* Build configuration list for PBXNativeTarget "TestLocalization" */ = {
			isa = XCConfigurationList;
			buildConfigurations = (
				1A198FAA1351BDD0009D0904 /* Debug */,
				1A198FAB1351BDD0009D0904 /* Release */,
			);
			defaultConfigurationIsVisible = 0;
			defaultConfigurationName = Release;
		};
/* End XCConfigurationList section */
	};
	rootObject = 1A198F851351BDCF009D0904 /* Project object */;
}
