// !$*UTF8*$!
{
	archiveVersion = 1;
	classes = {
	};
	objectVersion = 46;
	objects = {

/* Begin PBXBuildFile section */
		91CEE33B49649268A0A0294A /* UIKit.framework in Frameworks */ = {isa = PBXBuildFile; fileRef = 91CEEC0B76451E41D9B092AA /* UIKit.framework */; };
		91CEE344EE7E8FCEAD9707A2 /* main.m in Sources */ = {isa = PBXBuildFile; fileRef = 91CEE054A0AF55057FE677E9 /* main.m */; };
		91CEE46961DBA150FE7F3DC9 /* ViewController.m in Sources */ = {isa = PBXBuildFile; fileRef = 91CEEFEEF50103A5B069011B /* ViewController.m */; };
		91CEE47318B0350611E57238 /* InfoPlist.strings in Resources */ = {isa = PBXBuildFile; fileRef = 91CEE8BCB3EBD11CE11800AA /* InfoPlist.strings */; };
		91CEE49E27DBB6196F21900D /* Foundation.framework in Frameworks */ = {isa = PBXBuildFile; fileRef = 91CEE3F87253CCEBB15966E6 /* Foundation.framework */; };
		91CEE4AFF8DC21A9D0CA0DE7 /* MainStoryboard.storyboard in Resources */ = {isa = PBXBuildFile; fileRef = 91CEE41AD128ACA6504FAD07 /* MainStoryboard.storyboard */; };
		91CEE5E7C02F97E36A42B980 /* AVFoundation.framework in Frameworks */ = {isa = PBXBuildFile; fileRef = 91CEE501DD19340F51FF178F /* AVFoundation.framework */; };
		91CEE9C31C78C8BF2C400048 /* Default.png in Resources */ = {isa = PBXBuildFile; fileRef = 91CEEE3FD66DA0E7B150EDF8 /* Default.png */; };
		91CEEA7D8438CB8E4B8CEA9D /* AppDelegate.m in Sources */ = {isa = PBXBuildFile; fileRef = 91CEE6E8B5BA3453B349FF11 /* AppDelegate.m */; };
		91CEEAC6695A0A5D19955B85 /* CoreGraphics.framework in Frameworks */ = {isa = PBXBuildFile; fileRef = 91CEEA8351EC51B31E60FDA5 /* CoreGraphics.framework */; };
		91CEED7B650961B79FF9BDC0 /* Default@2x.png in Resources */ = {isa = PBXBuildFile; fileRef = 91CEE692A612A9478F17D82B /* Default@2x.png */; };
		91CEEF2698F7F5B6941A0236 /* Default-568h@2x.png in Resources */ = {isa = PBXBuildFile; fileRef = 91CEE03C2B82C502846A97E9 /* Default-568h@2x.png */; };
/* End PBXBuildFile section */

/* Begin PBXFileReference section */
		91CEE03C2B82C502846A97E9 /* Default-568h@2x.png */ = {isa = PBXFileReference; lastKnownFileType = image.png; path = "Default-568h@2x.png"; sourceTree = "<group>"; };
		91CEE054A0AF55057FE677E9 /* main.m */ = {isa = PBXFileReference; lastKnownFileType = sourcecode.c.objc; path = main.m; sourceTree = "<group>"; };
		91CEE3F87253CCEBB15966E6 /* Foundation.framework */ = {isa = PBXFileReference; lastKnownFileType = wrapper.framework; name = Foundation.framework; path = System/Library/Frameworks/Foundation.framework; sourceTree = SDKROOT; };
		91CEE4C035E4BFD44999BE66 /* en */ = {isa = PBXFileReference; lastKnownFileType = file.storyboard; name = en; path = en.lproj/MainStoryboard.storyboard; sourceTree = "<group>"; };
		91CEE501DD19340F51FF178F /* AVFoundation.framework */ = {isa = PBXFileReference; lastKnownFileType = wrapper.framework; name = AVFoundation.framework; path = System/Library/Frameworks/AVFoundation.framework; sourceTree = SDKROOT; };
		91CEE5BA04EB9BC3C418C388 /* TestCodeApp.app */ = {isa = PBXFileReference; explicitFileType = wrapper.application; includeInIndex = 0; path = TestCodeApp.app; sourceTree = BUILT_PRODUCTS_DIR; };
		91CEE6027C5EE6C5F314DE97 /* en */ = {isa = PBXFileReference; lastKnownFileType = text.plist.strings; name = en; path = en.lproj/InfoPlist.strings; sourceTree = "<group>"; };
		91CEE692A612A9478F17D82B /* Default@2x.png */ = {isa = PBXFileReference; lastKnownFileType = image.png; path = "Default@2x.png"; sourceTree = "<group>"; };
		91CEE6E8B5BA3453B349FF11 /* AppDelegate.m */ = {isa = PBXFileReference; lastKnownFileType = sourcecode.c.objc; path = AppDelegate.m; sourceTree = "<group>"; };
		91CEE870C55BD5180A427A1E /* TestCodeApp-Info.plist */ = {isa = PBXFileReference; lastKnownFileType = text.plist.info; path = "TestCodeApp-Info.plist"; sourceTree = "<group>"; };
		91CEEA8351EC51B31E60FDA5 /* CoreGraphics.framework */ = {isa = PBXFileReference; lastKnownFileType = wrapper.framework; name = CoreGraphics.framework; path = System/Library/Frameworks/CoreGraphics.framework; sourceTree = SDKROOT; };
		91CEEB89C6D8DB62B2F32DEB /* ViewController.h */ = {isa = PBXFileReference; lastKnownFileType = sourcecode.c.h; path = ViewController.h; sourceTree = "<group>"; };
		91CEEC0B76451E41D9B092AA /* UIKit.framework */ = {isa = PBXFileReference; lastKnownFileType = wrapper.framework; name = UIKit.framework; path = System/Library/Frameworks/UIKit.framework; sourceTree = SDKROOT; };
		91CEEE04C666B1E9B72B5651 /* TestCodeApp-Prefix.pch */ = {isa = PBXFileReference; lastKnownFileType = sourcecode.c.h; path = "TestCodeApp-Prefix.pch"; sourceTree = "<group>"; };
		91CEEE3FD66DA0E7B150EDF8 /* Default.png */ = {isa = PBXFileReference; lastKnownFileType = image.png; path = Default.png; sourceTree = "<group>"; };
		91CEEED631BCF61CBC2A4A86 /* AppDelegate.h */ = {isa = PBXFileReference; lastKnownFileType = sourcecode.c.h; path = AppDelegate.h; sourceTree = "<group>"; };
		91CEEFEEF50103A5B069011B /* ViewController.m */ = {isa = PBXFileReference; lastKnownFileType = sourcecode.c.objc; path = ViewController.m; sourceTree = "<group>"; };
/* End PBXFileReference section */

/* Begin PBXFrameworksBuildPhase section */
		91CEE6F607AA87134398FBCE /* Frameworks */ = {
			isa = PBXFrameworksBuildPhase;
			buildActionMask = 2147483647;
			files = (
				91CEE33B49649268A0A0294A /* UIKit.framework in Frameworks */,
				91CEE49E27DBB6196F21900D /* Foundation.framework in Frameworks */,
				91CEEAC6695A0A5D19955B85 /* CoreGraphics.framework in Frameworks */,
				91CEE5E7C02F97E36A42B980 /* AVFoundation.framework in Frameworks */,
			);
			runOnlyForDeploymentPostprocessing = 0;
		};
/* End PBXFrameworksBuildPhase section */

/* Begin PBXGroup section */
		91CEE1E46F87E6E0D6ECE9D9 /* TestCodeApp */ = {
			isa = PBXGroup;
			children = (
				91CEE22DC54AC9B1BC65E3D7 /* Supporting Files */,
				91CEEED631BCF61CBC2A4A86 /* AppDelegate.h */,
				91CEE6E8B5BA3453B349FF11 /* AppDelegate.m */,
				91CEE41AD128ACA6504FAD07 /* MainStoryboard.storyboard */,
				91CEEB89C6D8DB62B2F32DEB /* ViewController.h */,
				91CEEFEEF50103A5B069011B /* ViewController.m */,
			);
			path = TestCodeApp;
			sourceTree = "<group>";
		};
		91CEE22DC54AC9B1BC65E3D7 /* Supporting Files */ = {
			isa = PBXGroup;
			children = (
				91CEE870C55BD5180A427A1E /* TestCodeApp-Info.plist */,
				91CEE8BCB3EBD11CE11800AA /* InfoPlist.strings */,
				91CEE054A0AF55057FE677E9 /* main.m */,
				91CEEE04C666B1E9B72B5651 /* TestCodeApp-Prefix.pch */,
				91CEEE3FD66DA0E7B150EDF8 /* Default.png */,
				91CEE692A612A9478F17D82B /* Default@2x.png */,
				91CEE03C2B82C502846A97E9 /* Default-568h@2x.png */,
			);
			name = "Supporting Files";
			sourceTree = "<group>";
		};
		91CEE3D1BDF2163FE0EA5625 /* Frameworks */ = {
			isa = PBXGroup;
			children = (
				91CEEC0B76451E41D9B092AA /* UIKit.framework */,
				91CEE3F87253CCEBB15966E6 /* Foundation.framework */,
				91CEEA8351EC51B31E60FDA5 /* CoreGraphics.framework */,
				91CEE501DD19340F51FF178F /* AVFoundation.framework */,
			);
			name = Frameworks;
			sourceTree = "<group>";
		};
		91CEE57FAA952612C8017126 = {
			isa = PBXGroup;
			children = (
				91CEEF49D30EF8522D50FAD6 /* Products */,
				91CEE3D1BDF2163FE0EA5625 /* Frameworks */,
				91CEE1E46F87E6E0D6ECE9D9 /* TestCodeApp */,
			);
			sourceTree = "<group>";
		};
		91CEEF49D30EF8522D50FAD6 /* Products */ = {
			isa = PBXGroup;
			children = (
				91CEE5BA04EB9BC3C418C388 /* TestCodeApp.app */,
			);
			name = Products;
			sourceTree = "<group>";
		};
/* End PBXGroup section */

/* Begin PBXNativeTarget section */
		91CEE032CFF51F31EA3274BC /* TestCodeApp */ = {
			isa = PBXNativeTarget;
			buildConfigurationList = 91CEE2B067A6915384849308 /* Build configuration list for PBXNativeTarget "TestCodeApp" */;
			buildPhases = (
				91CEEC98EFFE8A92541A39FA /* Sources */,
				91CEE6F607AA87134398FBCE /* Frameworks */,
				91CEE19D75221B829CC0B1AE /* Resources */,
			);
			buildRules = (
			);
			dependencies = (
			);
			name = TestCodeApp;
			productName = TestCodeApp;
			productReference = 91CEE5BA04EB9BC3C418C388 /* TestCodeApp.app */;
			productType = "com.apple.product-type.application";
		};
/* End PBXNativeTarget section */

/* Begin PBXProject section */
		91CEE7854F40D4E95BD2E298 /* Project object */ = {
			isa = PBXProject;
			buildConfigurationList = 91CEE96DDE1D775380D83040 /* Build configuration list for PBXProject "TestCodeApp" */;
			compatibilityVersion = "Xcode 3.2";
			developmentRegion = English;
			hasScannedForEncodings = 0;
			knownRegions = (
				en,
			);
			mainGroup = 91CEE57FAA952612C8017126;
			productRefGroup = 91CEEF49D30EF8522D50FAD6 /* Products */;
			projectDirPath = "";
			projectRoot = "";
			targets = (
				91CEE032CFF51F31EA3274BC /* TestCodeApp */,
			);
		};
/* End PBXProject section */

/* Begin PBXResourcesBuildPhase section */
		91CEE19D75221B829CC0B1AE /* Resources */ = {
			isa = PBXResourcesBuildPhase;
			buildActionMask = 2147483647;
			files = (
				91CEE47318B0350611E57238 /* InfoPlist.strings in Resources */,
				91CEE9C31C78C8BF2C400048 /* Default.png in Resources */,
				91CEED7B650961B79FF9BDC0 /* Default@2x.png in Resources */,
				91CEEF2698F7F5B6941A0236 /* Default-568h@2x.png in Resources */,
				91CEE4AFF8DC21A9D0CA0DE7 /* MainStoryboard.storyboard in Resources */,
			);
			runOnlyForDeploymentPostprocessing = 0;
		};
/* End PBXResourcesBuildPhase section */

/* Begin PBXSourcesBuildPhase section */
		91CEEC98EFFE8A92541A39FA /* Sources */ = {
			isa = PBXSourcesBuildPhase;
			buildActionMask = 2147483647;
			files = (
				91CEE344EE7E8FCEAD9707A2 /* main.m in Sources */,
				91CEEA7D8438CB8E4B8CEA9D /* AppDelegate.m in Sources */,
				91CEE46961DBA150FE7F3DC9 /* ViewController.m in Sources */,
			);
			runOnlyForDeploymentPostprocessing = 0;
		};
/* End PBXSourcesBuildPhase section */

/* Begin PBXVariantGroup section */
		91CEE41AD128ACA6504FAD07 /* MainStoryboard.storyboard */ = {
			isa = PBXVariantGroup;
			children = (
				91CEE4C035E4BFD44999BE66 /* en */,
			);
			name = MainStoryboard.storyboard;
			sourceTree = "<group>";
		};
		91CEE8BCB3EBD11CE11800AA /* InfoPlist.strings */ = {
			isa = PBXVariantGroup;
			children = (
				91CEE6027C5EE6C5F314DE97 /* en */,
			);
			name = InfoPlist.strings;
			sourceTree = "<group>";
		};
/* End PBXVariantGroup section */

/* Begin XCBuildConfiguration section */
		91CEE1FEFE63BECDE0F9D87B /* Debug */ = {
			isa = XCBuildConfiguration;
			buildSettings = {
				ALWAYS_SEARCH_USER_PATHS = NO;
				CLANG_CXX_LANGUAGE_STANDARD = "gnu++0x";
				CLANG_CXX_LIBRARY = "libc++";
				CLANG_ENABLE_OBJC_ARC = YES;
				CLANG_WARN_EMPTY_BODY = YES;
				CLANG_WARN__DUPLICATE_METHOD_MATCH = YES;
				"CODE_SIGN_IDENTITY[sdk=iphoneos*]" = "iPhone Developer";
				COPY_PHASE_STRIP = NO;
				GCC_C_LANGUAGE_STANDARD = gnu99;
				GCC_DYNAMIC_NO_PIC = NO;
				GCC_OPTIMIZATION_LEVEL = 0;
				GCC_PREPROCESSOR_DEFINITIONS = (
					"DEBUG=1",
					"$(inherited)",
				);
				GCC_SYMBOLS_PRIVATE_EXTERN = NO;
				GCC_WARN_ABOUT_RETURN_TYPE = YES;
				GCC_WARN_UNINITIALIZED_AUTOS = YES;
				GCC_WARN_UNUSED_VARIABLE = YES;
				IPHONEOS_DEPLOYMENT_TARGET = 6.0;
				ONLY_ACTIVE_ARCH = YES;
				SDKROOT = iphoneos;
			};
			name = Debug;
		};
		91CEE33EFD7A37FC2100819D /* Debug */ = {
			isa = XCBuildConfiguration;
			buildSettings = {
				GCC_PRECOMPILE_PREFIX_HEADER = YES;
				GCC_PREFIX_HEADER = "TestCodeApp/TestCodeApp-Prefix.pch";
				INFOPLIST_FILE = "TestCodeApp/TestCodeApp-Info.plist";
				PRODUCT_NAME = "$(TARGET_NAME)";
				WRAPPER_EXTENSION = app;
			};
			name = Debug;
		};
		91CEE4BCCC9BEB0301661770 /* Release */ = {
			isa = XCBuildConfiguration;
			buildSettings = {
				ALWAYS_SEARCH_USER_PATHS = NO;
				CLANG_CXX_LANGUAGE_STANDARD = "gnu++0x";
				CLANG_CXX_LIBRARY = "libc++";
				CLANG_ENABLE_OBJC_ARC = YES;
				CLANG_WARN_EMPTY_BODY = YES;
				CLANG_WARN__DUPLICATE_METHOD_MATCH = YES;
				"CODE_SIGN_IDENTITY[sdk=iphoneos*]" = "iPhone Developer";
				COPY_PHASE_STRIP = YES;
				GCC_C_LANGUAGE_STANDARD = gnu99;
				GCC_WARN_ABOUT_RETURN_TYPE = YES;
				GCC_WARN_UNINITIALIZED_AUTOS = YES;
				GCC_WARN_UNUSED_VARIABLE = YES;
				IPHONEOS_DEPLOYMENT_TARGET = 6.0;
				OTHER_CFLAGS = "-DNS_BLOCK_ASSERTIONS=1";
				SDKROOT = iphoneos;
				VALIDATE_PRODUCT = YES;
			};
			name = Release;
		};
		91CEEE04A202CCAFB94B1047 /* Release */ = {
			isa = XCBuildConfiguration;
			buildSettings = {
				GCC_PRECOMPILE_PREFIX_HEADER = YES;
				GCC_PREFIX_HEADER = "TestCodeApp/TestCodeApp-Prefix.pch";
				INFOPLIST_FILE = "TestCodeApp/TestCodeApp-Info.plist";
				PRODUCT_NAME = "$(TARGET_NAME)";
				WRAPPER_EXTENSION = app;
			};
			name = Release;
		};
/* End XCBuildConfiguration section */

/* Begin XCConfigurationList section */
		91CEE2B067A6915384849308 /* Build configuration list for PBXNativeTarget "TestCodeApp" */ = {
			isa = XCConfigurationList;
			buildConfigurations = (
				91CEEE04A202CCAFB94B1047 /* Release */,
				91CEE33EFD7A37FC2100819D /* Debug */,
			);
			defaultConfigurationIsVisible = 0;
		};
		91CEE96DDE1D775380D83040 /* Build configuration list for PBXProject "TestCodeApp" */ = {
			isa = XCConfigurationList;
			buildConfigurations = (
				91CEE4BCCC9BEB0301661770 /* Release */,
				91CEE1FEFE63BECDE0F9D87B /* Debug */,
			);
			defaultConfigurationIsVisible = 0;
			defaultConfigurationName = Release;
		};
/* End XCConfigurationList section */
	};
	rootObject = 91CEE7854F40D4E95BD2E298 /* Project object */;
}
